// !$*UTF8*$!
{
	archiveVersion = 1;
	classes = {
	};
	objectVersion = 46;
	objects = {

/* Begin PBXBuildFile section */
		0786A3F81DA8194300DFD5C0 /* SwifterSwift.framework in Frameworks */ = {isa = PBXBuildFile; fileRef = 0786A3EE1DA8194200DFD5C0 /* SwifterSwift.framework */; };
		0786A3FF1DA8194300DFD5C0 /* SwifterSwift.h in Headers */ = {isa = PBXBuildFile; fileRef = 0786A3F11DA8194200DFD5C0 /* SwifterSwift.h */; settings = {ATTRIBUTES = (Public, ); }; };
		0786A4151DA8198D00DFD5C0 /* ArrayExtensionsTests.swift in Sources */ = {isa = PBXBuildFile; fileRef = 0786A40A1DA8198D00DFD5C0 /* ArrayExtensionsTests.swift */; };
		0786A4161DA8198D00DFD5C0 /* CGFloatExtensionsTests.swift in Sources */ = {isa = PBXBuildFile; fileRef = 0786A40B1DA8198D00DFD5C0 /* CGFloatExtensionsTests.swift */; };
		0786A4171DA8198D00DFD5C0 /* CGSizeExtensionsTests.swift in Sources */ = {isa = PBXBuildFile; fileRef = 0786A40C1DA8198D00DFD5C0 /* CGSizeExtensionsTests.swift */; };
		0786A4181DA8198D00DFD5C0 /* CharacterExtensionsTests.swift in Sources */ = {isa = PBXBuildFile; fileRef = 0786A40D1DA8198D00DFD5C0 /* CharacterExtensionsTests.swift */; };
		0786A4191DA8198D00DFD5C0 /* ConvenienceExtensionsTests.swift in Sources */ = {isa = PBXBuildFile; fileRef = 0786A40E1DA8198D00DFD5C0 /* ConvenienceExtensionsTests.swift */; };
		0786A41A1DA8198D00DFD5C0 /* DateExtensionsTests.swift in Sources */ = {isa = PBXBuildFile; fileRef = 0786A40F1DA8198D00DFD5C0 /* DateExtensionsTests.swift */; };
		0786A41B1DA8198D00DFD5C0 /* DictionaryExtensionsTests.swift in Sources */ = {isa = PBXBuildFile; fileRef = 0786A4101DA8198D00DFD5C0 /* DictionaryExtensionsTests.swift */; };
		0786A41C1DA8198D00DFD5C0 /* DoubleExtensionsTests.swift in Sources */ = {isa = PBXBuildFile; fileRef = 0786A4111DA8198D00DFD5C0 /* DoubleExtensionsTests.swift */; };
		0786A41D1DA8198D00DFD5C0 /* FloatExtensionsTests.swift in Sources */ = {isa = PBXBuildFile; fileRef = 0786A4121DA8198D00DFD5C0 /* FloatExtensionsTests.swift */; };
		0786A41E1DA8198D00DFD5C0 /* IntExtensionsTests.swift in Sources */ = {isa = PBXBuildFile; fileRef = 0786A4131DA8198D00DFD5C0 /* IntExtensionsTests.swift */; };
		0786A41F1DA8198D00DFD5C0 /* StringExtensionsTests.swift in Sources */ = {isa = PBXBuildFile; fileRef = 0786A4141DA8198D00DFD5C0 /* StringExtensionsTests.swift */; };
		07A560C71DFAD1A500BB1568 /* ArrayExtensions.swift in Sources */ = {isa = PBXBuildFile; fileRef = 07A560A31DFAD1A500BB1568 /* ArrayExtensions.swift */; };
		07A560C81DFAD1A500BB1568 /* ArrayExtensions.swift in Sources */ = {isa = PBXBuildFile; fileRef = 07A560A31DFAD1A500BB1568 /* ArrayExtensions.swift */; };
		07A560C91DFAD1A500BB1568 /* BoolExtensions.swift in Sources */ = {isa = PBXBuildFile; fileRef = 07A560A41DFAD1A500BB1568 /* BoolExtensions.swift */; };
		07A560CA1DFAD1A500BB1568 /* BoolExtensions.swift in Sources */ = {isa = PBXBuildFile; fileRef = 07A560A41DFAD1A500BB1568 /* BoolExtensions.swift */; };
		07A560CB1DFAD1A500BB1568 /* CharacterExtensions.swift in Sources */ = {isa = PBXBuildFile; fileRef = 07A560A51DFAD1A500BB1568 /* CharacterExtensions.swift */; };
		07A560CC1DFAD1A500BB1568 /* CharacterExtensions.swift in Sources */ = {isa = PBXBuildFile; fileRef = 07A560A51DFAD1A500BB1568 /* CharacterExtensions.swift */; };
		07A560CD1DFAD1A500BB1568 /* DataExtensions.swift in Sources */ = {isa = PBXBuildFile; fileRef = 07A560A61DFAD1A500BB1568 /* DataExtensions.swift */; };
		07A560CE1DFAD1A500BB1568 /* DataExtensions.swift in Sources */ = {isa = PBXBuildFile; fileRef = 07A560A61DFAD1A500BB1568 /* DataExtensions.swift */; };
		07A560CF1DFAD1A500BB1568 /* DateExtensions.swift in Sources */ = {isa = PBXBuildFile; fileRef = 07A560A71DFAD1A500BB1568 /* DateExtensions.swift */; };
		07A560D01DFAD1A500BB1568 /* DateExtensions.swift in Sources */ = {isa = PBXBuildFile; fileRef = 07A560A71DFAD1A500BB1568 /* DateExtensions.swift */; };
		07A560D11DFAD1A500BB1568 /* DictionaryExtensions.swift in Sources */ = {isa = PBXBuildFile; fileRef = 07A560A81DFAD1A500BB1568 /* DictionaryExtensions.swift */; };
		07A560D21DFAD1A500BB1568 /* DictionaryExtensions.swift in Sources */ = {isa = PBXBuildFile; fileRef = 07A560A81DFAD1A500BB1568 /* DictionaryExtensions.swift */; };
		07A560D31DFAD1A500BB1568 /* DoubleExtensions.swift in Sources */ = {isa = PBXBuildFile; fileRef = 07A560A91DFAD1A500BB1568 /* DoubleExtensions.swift */; };
		07A560D41DFAD1A500BB1568 /* DoubleExtensions.swift in Sources */ = {isa = PBXBuildFile; fileRef = 07A560A91DFAD1A500BB1568 /* DoubleExtensions.swift */; };
		07A560D51DFAD1A500BB1568 /* FloatExtensions.swift in Sources */ = {isa = PBXBuildFile; fileRef = 07A560AA1DFAD1A500BB1568 /* FloatExtensions.swift */; };
		07A560D61DFAD1A500BB1568 /* FloatExtensions.swift in Sources */ = {isa = PBXBuildFile; fileRef = 07A560AA1DFAD1A500BB1568 /* FloatExtensions.swift */; };
		07A560D71DFAD1A500BB1568 /* IntExtensions.swift in Sources */ = {isa = PBXBuildFile; fileRef = 07A560AB1DFAD1A500BB1568 /* IntExtensions.swift */; };
		07A560D81DFAD1A500BB1568 /* IntExtensions.swift in Sources */ = {isa = PBXBuildFile; fileRef = 07A560AB1DFAD1A500BB1568 /* IntExtensions.swift */; };
		07A560D91DFAD1A500BB1568 /* StringExtensions.swift in Sources */ = {isa = PBXBuildFile; fileRef = 07A560AC1DFAD1A500BB1568 /* StringExtensions.swift */; };
		07A560DA1DFAD1A500BB1568 /* StringExtensions.swift in Sources */ = {isa = PBXBuildFile; fileRef = 07A560AC1DFAD1A500BB1568 /* StringExtensions.swift */; };
		07A560DB1DFAD1A500BB1568 /* SwifterSwift.swift in Sources */ = {isa = PBXBuildFile; fileRef = 07A560AD1DFAD1A500BB1568 /* SwifterSwift.swift */; };
		07A560DC1DFAD1A500BB1568 /* SwifterSwift.swift in Sources */ = {isa = PBXBuildFile; fileRef = 07A560AD1DFAD1A500BB1568 /* SwifterSwift.swift */; };
		07A560DD1DFAD1A500BB1568 /* CGFloatExtensions.swift in Sources */ = {isa = PBXBuildFile; fileRef = 07A560AF1DFAD1A500BB1568 /* CGFloatExtensions.swift */; };
		07A560DE1DFAD1A600BB1568 /* CGFloatExtensions.swift in Sources */ = {isa = PBXBuildFile; fileRef = 07A560AF1DFAD1A500BB1568 /* CGFloatExtensions.swift */; };
		07A560DF1DFAD1A600BB1568 /* CGPointExtensions.swift in Sources */ = {isa = PBXBuildFile; fileRef = 07A560B01DFAD1A500BB1568 /* CGPointExtensions.swift */; };
		07A560E01DFAD1A600BB1568 /* CGPointExtensions.swift in Sources */ = {isa = PBXBuildFile; fileRef = 07A560B01DFAD1A500BB1568 /* CGPointExtensions.swift */; };
		07A560E11DFAD1A600BB1568 /* CGSizeExtensions.swift in Sources */ = {isa = PBXBuildFile; fileRef = 07A560B11DFAD1A500BB1568 /* CGSizeExtensions.swift */; };
		07A560E21DFAD1A600BB1568 /* CGSizeExtensions.swift in Sources */ = {isa = PBXBuildFile; fileRef = 07A560B11DFAD1A500BB1568 /* CGSizeExtensions.swift */; };
		07A560E31DFAD1A600BB1568 /* NSAttributedStringExtensions.swift in Sources */ = {isa = PBXBuildFile; fileRef = 07A560B21DFAD1A500BB1568 /* NSAttributedStringExtensions.swift */; };
		07A560E41DFAD1A600BB1568 /* NSAttributedStringExtensions.swift in Sources */ = {isa = PBXBuildFile; fileRef = 07A560B21DFAD1A500BB1568 /* NSAttributedStringExtensions.swift */; };
		07A560E51DFAD1A600BB1568 /* UIAlertControllerExtensions.swift in Sources */ = {isa = PBXBuildFile; fileRef = 07A560B31DFAD1A500BB1568 /* UIAlertControllerExtensions.swift */; };
		07A560E61DFAD1A600BB1568 /* UIAlertControllerExtensions.swift in Sources */ = {isa = PBXBuildFile; fileRef = 07A560B31DFAD1A500BB1568 /* UIAlertControllerExtensions.swift */; };
		07A560E71DFAD1A600BB1568 /* UIBarButtonItemExtensions.swift in Sources */ = {isa = PBXBuildFile; fileRef = 07A560B41DFAD1A500BB1568 /* UIBarButtonItemExtensions.swift */; };
		07A560E81DFAD1A600BB1568 /* UIBarButtonItemExtensions.swift in Sources */ = {isa = PBXBuildFile; fileRef = 07A560B41DFAD1A500BB1568 /* UIBarButtonItemExtensions.swift */; };
		07A560E91DFAD1A600BB1568 /* UIButtonExtensions.swift in Sources */ = {isa = PBXBuildFile; fileRef = 07A560B51DFAD1A500BB1568 /* UIButtonExtensions.swift */; };
		07A560EA1DFAD1A600BB1568 /* UIButtonExtensions.swift in Sources */ = {isa = PBXBuildFile; fileRef = 07A560B51DFAD1A500BB1568 /* UIButtonExtensions.swift */; };
		07A560EB1DFAD1A600BB1568 /* UIColorExtensions.swift in Sources */ = {isa = PBXBuildFile; fileRef = 07A560B61DFAD1A500BB1568 /* UIColorExtensions.swift */; };
		07A560EC1DFAD1A600BB1568 /* UIColorExtensions.swift in Sources */ = {isa = PBXBuildFile; fileRef = 07A560B61DFAD1A500BB1568 /* UIColorExtensions.swift */; };
		07A560ED1DFAD1A600BB1568 /* UIImageExtensions.swift in Sources */ = {isa = PBXBuildFile; fileRef = 07A560B71DFAD1A500BB1568 /* UIImageExtensions.swift */; };
		07A560EE1DFAD1A600BB1568 /* UIImageExtensions.swift in Sources */ = {isa = PBXBuildFile; fileRef = 07A560B71DFAD1A500BB1568 /* UIImageExtensions.swift */; };
		07A560EF1DFAD1A600BB1568 /* UIImageViewExtensions.swift in Sources */ = {isa = PBXBuildFile; fileRef = 07A560B81DFAD1A500BB1568 /* UIImageViewExtensions.swift */; };
		07A560F01DFAD1A600BB1568 /* UIImageViewExtensions.swift in Sources */ = {isa = PBXBuildFile; fileRef = 07A560B81DFAD1A500BB1568 /* UIImageViewExtensions.swift */; };
		07A560F11DFAD1A600BB1568 /* UILabelExtensions.swift in Sources */ = {isa = PBXBuildFile; fileRef = 07A560B91DFAD1A500BB1568 /* UILabelExtensions.swift */; };
		07A560F21DFAD1A600BB1568 /* UILabelExtensions.swift in Sources */ = {isa = PBXBuildFile; fileRef = 07A560B91DFAD1A500BB1568 /* UILabelExtensions.swift */; };
		07A560F31DFAD1A600BB1568 /* UINavigationBarExtensions.swift in Sources */ = {isa = PBXBuildFile; fileRef = 07A560BA1DFAD1A500BB1568 /* UINavigationBarExtensions.swift */; };
		07A560F41DFAD1A600BB1568 /* UINavigationBarExtensions.swift in Sources */ = {isa = PBXBuildFile; fileRef = 07A560BA1DFAD1A500BB1568 /* UINavigationBarExtensions.swift */; };
		07A560F51DFAD1A600BB1568 /* UINavigationControllerExtensions.swift in Sources */ = {isa = PBXBuildFile; fileRef = 07A560BB1DFAD1A500BB1568 /* UINavigationControllerExtensions.swift */; };
		07A560F61DFAD1A600BB1568 /* UINavigationControllerExtensions.swift in Sources */ = {isa = PBXBuildFile; fileRef = 07A560BB1DFAD1A500BB1568 /* UINavigationControllerExtensions.swift */; };
		07A560F71DFAD1A600BB1568 /* UINavigationItemExtensions.swift in Sources */ = {isa = PBXBuildFile; fileRef = 07A560BC1DFAD1A500BB1568 /* UINavigationItemExtensions.swift */; };
		07A560F81DFAD1A600BB1568 /* UINavigationItemExtensions.swift in Sources */ = {isa = PBXBuildFile; fileRef = 07A560BC1DFAD1A500BB1568 /* UINavigationItemExtensions.swift */; };
		07A560F91DFAD1A600BB1568 /* UISearchBarExtensions.swift in Sources */ = {isa = PBXBuildFile; fileRef = 07A560BD1DFAD1A500BB1568 /* UISearchBarExtensions.swift */; };
		07A560FA1DFAD1A600BB1568 /* UISearchBarExtensions.swift in Sources */ = {isa = PBXBuildFile; fileRef = 07A560BD1DFAD1A500BB1568 /* UISearchBarExtensions.swift */; };
		07A560FB1DFAD1A600BB1568 /* UISegmentedControlExtensions.swift in Sources */ = {isa = PBXBuildFile; fileRef = 07A560BE1DFAD1A500BB1568 /* UISegmentedControlExtensions.swift */; };
		07A560FC1DFAD1A600BB1568 /* UISegmentedControlExtensions.swift in Sources */ = {isa = PBXBuildFile; fileRef = 07A560BE1DFAD1A500BB1568 /* UISegmentedControlExtensions.swift */; };
		07A560FD1DFAD1A600BB1568 /* UISliderExtensions.swift in Sources */ = {isa = PBXBuildFile; fileRef = 07A560BF1DFAD1A500BB1568 /* UISliderExtensions.swift */; };
		07A560FE1DFAD1A600BB1568 /* UISliderExtensions.swift in Sources */ = {isa = PBXBuildFile; fileRef = 07A560BF1DFAD1A500BB1568 /* UISliderExtensions.swift */; };
		07A560FF1DFAD1A600BB1568 /* UISwitchExtensions.swift in Sources */ = {isa = PBXBuildFile; fileRef = 07A560C01DFAD1A500BB1568 /* UISwitchExtensions.swift */; };
		07A561001DFAD1A600BB1568 /* UISwitchExtensions.swift in Sources */ = {isa = PBXBuildFile; fileRef = 07A560C01DFAD1A500BB1568 /* UISwitchExtensions.swift */; };
		07A561011DFAD1A600BB1568 /* UITabBarExtensions.swift in Sources */ = {isa = PBXBuildFile; fileRef = 07A560C11DFAD1A500BB1568 /* UITabBarExtensions.swift */; };
		07A561021DFAD1A600BB1568 /* UITabBarExtensions.swift in Sources */ = {isa = PBXBuildFile; fileRef = 07A560C11DFAD1A500BB1568 /* UITabBarExtensions.swift */; };
		07A561031DFAD1A600BB1568 /* UITableViewExtensions.swift in Sources */ = {isa = PBXBuildFile; fileRef = 07A560C21DFAD1A500BB1568 /* UITableViewExtensions.swift */; };
		07A561041DFAD1A600BB1568 /* UITableViewExtensions.swift in Sources */ = {isa = PBXBuildFile; fileRef = 07A560C21DFAD1A500BB1568 /* UITableViewExtensions.swift */; };
		07A561051DFAD1A600BB1568 /* UITextFieldExtensions.swift in Sources */ = {isa = PBXBuildFile; fileRef = 07A560C31DFAD1A500BB1568 /* UITextFieldExtensions.swift */; };
		07A561061DFAD1A600BB1568 /* UITextFieldExtensions.swift in Sources */ = {isa = PBXBuildFile; fileRef = 07A560C31DFAD1A500BB1568 /* UITextFieldExtensions.swift */; };
		07A561071DFAD1A600BB1568 /* UITextViewExtensions.swift in Sources */ = {isa = PBXBuildFile; fileRef = 07A560C41DFAD1A500BB1568 /* UITextViewExtensions.swift */; };
		07A561081DFAD1A600BB1568 /* UITextViewExtensions.swift in Sources */ = {isa = PBXBuildFile; fileRef = 07A560C41DFAD1A500BB1568 /* UITextViewExtensions.swift */; };
		07A561091DFAD1A600BB1568 /* UIViewControllerExtensions.swift in Sources */ = {isa = PBXBuildFile; fileRef = 07A560C51DFAD1A500BB1568 /* UIViewControllerExtensions.swift */; };
		07A5610A1DFAD1A600BB1568 /* UIViewControllerExtensions.swift in Sources */ = {isa = PBXBuildFile; fileRef = 07A560C51DFAD1A500BB1568 /* UIViewControllerExtensions.swift */; };
		07A5610B1DFAD1A600BB1568 /* UIViewExtensions.swift in Sources */ = {isa = PBXBuildFile; fileRef = 07A560C61DFAD1A500BB1568 /* UIViewExtensions.swift */; };
		07A5610C1DFAD1A600BB1568 /* UIViewExtensions.swift in Sources */ = {isa = PBXBuildFile; fileRef = 07A560C61DFAD1A500BB1568 /* UIViewExtensions.swift */; };
		07ED1D4F1DFD4910008DAEA8 /* UICollectionViewExtensions.swift in Sources */ = {isa = PBXBuildFile; fileRef = 07ED1D4E1DFD4910008DAEA8 /* UICollectionViewExtensions.swift */; };
/* End PBXBuildFile section */

/* Begin PBXContainerItemProxy section */
		0786A3F91DA8194300DFD5C0 /* PBXContainerItemProxy */ = {
			isa = PBXContainerItemProxy;
			containerPortal = 0786A3E51DA8194200DFD5C0 /* Project object */;
			proxyType = 1;
			remoteGlobalIDString = 0786A3ED1DA8194200DFD5C0;
			remoteInfo = SwifterSwift;
		};
/* End PBXContainerItemProxy section */

/* Begin PBXFileReference section */
		0786A3EE1DA8194200DFD5C0 /* SwifterSwift.framework */ = {isa = PBXFileReference; explicitFileType = wrapper.framework; includeInIndex = 0; path = SwifterSwift.framework; sourceTree = BUILT_PRODUCTS_DIR; };
		0786A3F11DA8194200DFD5C0 /* SwifterSwift.h */ = {isa = PBXFileReference; lastKnownFileType = sourcecode.c.h; path = SwifterSwift.h; sourceTree = "<group>"; };
		0786A3F21DA8194200DFD5C0 /* Info.plist */ = {isa = PBXFileReference; lastKnownFileType = text.plist.xml; path = Info.plist; sourceTree = "<group>"; };
		0786A3F71DA8194300DFD5C0 /* SwifterSwiftTests.xctest */ = {isa = PBXFileReference; explicitFileType = wrapper.cfbundle; includeInIndex = 0; path = SwifterSwiftTests.xctest; sourceTree = BUILT_PRODUCTS_DIR; };
		0786A3FE1DA8194300DFD5C0 /* Info.plist */ = {isa = PBXFileReference; lastKnownFileType = text.plist.xml; path = Info.plist; sourceTree = "<group>"; };
		0786A40A1DA8198D00DFD5C0 /* ArrayExtensionsTests.swift */ = {isa = PBXFileReference; fileEncoding = 4; lastKnownFileType = sourcecode.swift; path = ArrayExtensionsTests.swift; sourceTree = "<group>"; };
		0786A40B1DA8198D00DFD5C0 /* CGFloatExtensionsTests.swift */ = {isa = PBXFileReference; fileEncoding = 4; lastKnownFileType = sourcecode.swift; path = CGFloatExtensionsTests.swift; sourceTree = "<group>"; };
		0786A40C1DA8198D00DFD5C0 /* CGSizeExtensionsTests.swift */ = {isa = PBXFileReference; fileEncoding = 4; lastKnownFileType = sourcecode.swift; path = CGSizeExtensionsTests.swift; sourceTree = "<group>"; };
		0786A40D1DA8198D00DFD5C0 /* CharacterExtensionsTests.swift */ = {isa = PBXFileReference; fileEncoding = 4; lastKnownFileType = sourcecode.swift; path = CharacterExtensionsTests.swift; sourceTree = "<group>"; };
		0786A40E1DA8198D00DFD5C0 /* ConvenienceExtensionsTests.swift */ = {isa = PBXFileReference; fileEncoding = 4; lastKnownFileType = sourcecode.swift; path = ConvenienceExtensionsTests.swift; sourceTree = "<group>"; };
		0786A40F1DA8198D00DFD5C0 /* DateExtensionsTests.swift */ = {isa = PBXFileReference; fileEncoding = 4; lastKnownFileType = sourcecode.swift; path = DateExtensionsTests.swift; sourceTree = "<group>"; };
		0786A4101DA8198D00DFD5C0 /* DictionaryExtensionsTests.swift */ = {isa = PBXFileReference; fileEncoding = 4; lastKnownFileType = sourcecode.swift; path = DictionaryExtensionsTests.swift; sourceTree = "<group>"; };
		0786A4111DA8198D00DFD5C0 /* DoubleExtensionsTests.swift */ = {isa = PBXFileReference; fileEncoding = 4; lastKnownFileType = sourcecode.swift; path = DoubleExtensionsTests.swift; sourceTree = "<group>"; };
		0786A4121DA8198D00DFD5C0 /* FloatExtensionsTests.swift */ = {isa = PBXFileReference; fileEncoding = 4; lastKnownFileType = sourcecode.swift; path = FloatExtensionsTests.swift; sourceTree = "<group>"; };
		0786A4131DA8198D00DFD5C0 /* IntExtensionsTests.swift */ = {isa = PBXFileReference; fileEncoding = 4; lastKnownFileType = sourcecode.swift; path = IntExtensionsTests.swift; sourceTree = "<group>"; };
		0786A4141DA8198D00DFD5C0 /* StringExtensionsTests.swift */ = {isa = PBXFileReference; fileEncoding = 4; lastKnownFileType = sourcecode.swift; path = StringExtensionsTests.swift; sourceTree = "<group>"; };
		07A560A31DFAD1A500BB1568 /* ArrayExtensions.swift */ = {isa = PBXFileReference; fileEncoding = 4; lastKnownFileType = sourcecode.swift; path = ArrayExtensions.swift; sourceTree = "<group>"; };
		07A560A41DFAD1A500BB1568 /* BoolExtensions.swift */ = {isa = PBXFileReference; fileEncoding = 4; lastKnownFileType = sourcecode.swift; path = BoolExtensions.swift; sourceTree = "<group>"; };
		07A560A51DFAD1A500BB1568 /* CharacterExtensions.swift */ = {isa = PBXFileReference; fileEncoding = 4; lastKnownFileType = sourcecode.swift; path = CharacterExtensions.swift; sourceTree = "<group>"; };
		07A560A61DFAD1A500BB1568 /* DataExtensions.swift */ = {isa = PBXFileReference; fileEncoding = 4; lastKnownFileType = sourcecode.swift; path = DataExtensions.swift; sourceTree = "<group>"; };
		07A560A71DFAD1A500BB1568 /* DateExtensions.swift */ = {isa = PBXFileReference; fileEncoding = 4; lastKnownFileType = sourcecode.swift; path = DateExtensions.swift; sourceTree = "<group>"; };
		07A560A81DFAD1A500BB1568 /* DictionaryExtensions.swift */ = {isa = PBXFileReference; fileEncoding = 4; lastKnownFileType = sourcecode.swift; path = DictionaryExtensions.swift; sourceTree = "<group>"; };
		07A560A91DFAD1A500BB1568 /* DoubleExtensions.swift */ = {isa = PBXFileReference; fileEncoding = 4; lastKnownFileType = sourcecode.swift; path = DoubleExtensions.swift; sourceTree = "<group>"; };
		07A560AA1DFAD1A500BB1568 /* FloatExtensions.swift */ = {isa = PBXFileReference; fileEncoding = 4; lastKnownFileType = sourcecode.swift; path = FloatExtensions.swift; sourceTree = "<group>"; };
		07A560AB1DFAD1A500BB1568 /* IntExtensions.swift */ = {isa = PBXFileReference; fileEncoding = 4; lastKnownFileType = sourcecode.swift; path = IntExtensions.swift; sourceTree = "<group>"; };
		07A560AC1DFAD1A500BB1568 /* StringExtensions.swift */ = {isa = PBXFileReference; fileEncoding = 4; lastKnownFileType = sourcecode.swift; path = StringExtensions.swift; sourceTree = "<group>"; };
		07A560AD1DFAD1A500BB1568 /* SwifterSwift.swift */ = {isa = PBXFileReference; fileEncoding = 4; lastKnownFileType = sourcecode.swift; path = SwifterSwift.swift; sourceTree = "<group>"; };
		07A560AF1DFAD1A500BB1568 /* CGFloatExtensions.swift */ = {isa = PBXFileReference; fileEncoding = 4; lastKnownFileType = sourcecode.swift; path = CGFloatExtensions.swift; sourceTree = "<group>"; };
		07A560B01DFAD1A500BB1568 /* CGPointExtensions.swift */ = {isa = PBXFileReference; fileEncoding = 4; lastKnownFileType = sourcecode.swift; path = CGPointExtensions.swift; sourceTree = "<group>"; };
		07A560B11DFAD1A500BB1568 /* CGSizeExtensions.swift */ = {isa = PBXFileReference; fileEncoding = 4; lastKnownFileType = sourcecode.swift; path = CGSizeExtensions.swift; sourceTree = "<group>"; };
		07A560B21DFAD1A500BB1568 /* NSAttributedStringExtensions.swift */ = {isa = PBXFileReference; fileEncoding = 4; lastKnownFileType = sourcecode.swift; path = NSAttributedStringExtensions.swift; sourceTree = "<group>"; };
		07A560B31DFAD1A500BB1568 /* UIAlertControllerExtensions.swift */ = {isa = PBXFileReference; fileEncoding = 4; lastKnownFileType = sourcecode.swift; path = UIAlertControllerExtensions.swift; sourceTree = "<group>"; };
		07A560B41DFAD1A500BB1568 /* UIBarButtonItemExtensions.swift */ = {isa = PBXFileReference; fileEncoding = 4; lastKnownFileType = sourcecode.swift; path = UIBarButtonItemExtensions.swift; sourceTree = "<group>"; };
		07A560B51DFAD1A500BB1568 /* UIButtonExtensions.swift */ = {isa = PBXFileReference; fileEncoding = 4; lastKnownFileType = sourcecode.swift; path = UIButtonExtensions.swift; sourceTree = "<group>"; };
		07A560B61DFAD1A500BB1568 /* UIColorExtensions.swift */ = {isa = PBXFileReference; fileEncoding = 4; lastKnownFileType = sourcecode.swift; path = UIColorExtensions.swift; sourceTree = "<group>"; };
		07A560B71DFAD1A500BB1568 /* UIImageExtensions.swift */ = {isa = PBXFileReference; fileEncoding = 4; lastKnownFileType = sourcecode.swift; path = UIImageExtensions.swift; sourceTree = "<group>"; };
		07A560B81DFAD1A500BB1568 /* UIImageViewExtensions.swift */ = {isa = PBXFileReference; fileEncoding = 4; lastKnownFileType = sourcecode.swift; path = UIImageViewExtensions.swift; sourceTree = "<group>"; };
		07A560B91DFAD1A500BB1568 /* UILabelExtensions.swift */ = {isa = PBXFileReference; fileEncoding = 4; lastKnownFileType = sourcecode.swift; path = UILabelExtensions.swift; sourceTree = "<group>"; };
		07A560BA1DFAD1A500BB1568 /* UINavigationBarExtensions.swift */ = {isa = PBXFileReference; fileEncoding = 4; lastKnownFileType = sourcecode.swift; path = UINavigationBarExtensions.swift; sourceTree = "<group>"; };
		07A560BB1DFAD1A500BB1568 /* UINavigationControllerExtensions.swift */ = {isa = PBXFileReference; fileEncoding = 4; lastKnownFileType = sourcecode.swift; path = UINavigationControllerExtensions.swift; sourceTree = "<group>"; };
		07A560BC1DFAD1A500BB1568 /* UINavigationItemExtensions.swift */ = {isa = PBXFileReference; fileEncoding = 4; lastKnownFileType = sourcecode.swift; path = UINavigationItemExtensions.swift; sourceTree = "<group>"; };
		07A560BD1DFAD1A500BB1568 /* UISearchBarExtensions.swift */ = {isa = PBXFileReference; fileEncoding = 4; lastKnownFileType = sourcecode.swift; path = UISearchBarExtensions.swift; sourceTree = "<group>"; };
		07A560BE1DFAD1A500BB1568 /* UISegmentedControlExtensions.swift */ = {isa = PBXFileReference; fileEncoding = 4; lastKnownFileType = sourcecode.swift; path = UISegmentedControlExtensions.swift; sourceTree = "<group>"; };
		07A560BF1DFAD1A500BB1568 /* UISliderExtensions.swift */ = {isa = PBXFileReference; fileEncoding = 4; lastKnownFileType = sourcecode.swift; path = UISliderExtensions.swift; sourceTree = "<group>"; };
		07A560C01DFAD1A500BB1568 /* UISwitchExtensions.swift */ = {isa = PBXFileReference; fileEncoding = 4; lastKnownFileType = sourcecode.swift; path = UISwitchExtensions.swift; sourceTree = "<group>"; };
		07A560C11DFAD1A500BB1568 /* UITabBarExtensions.swift */ = {isa = PBXFileReference; fileEncoding = 4; lastKnownFileType = sourcecode.swift; path = UITabBarExtensions.swift; sourceTree = "<group>"; };
		07A560C21DFAD1A500BB1568 /* UITableViewExtensions.swift */ = {isa = PBXFileReference; fileEncoding = 4; lastKnownFileType = sourcecode.swift; path = UITableViewExtensions.swift; sourceTree = "<group>"; };
		07A560C31DFAD1A500BB1568 /* UITextFieldExtensions.swift */ = {isa = PBXFileReference; fileEncoding = 4; lastKnownFileType = sourcecode.swift; path = UITextFieldExtensions.swift; sourceTree = "<group>"; };
		07A560C41DFAD1A500BB1568 /* UITextViewExtensions.swift */ = {isa = PBXFileReference; fileEncoding = 4; lastKnownFileType = sourcecode.swift; path = UITextViewExtensions.swift; sourceTree = "<group>"; };
		07A560C51DFAD1A500BB1568 /* UIViewControllerExtensions.swift */ = {isa = PBXFileReference; fileEncoding = 4; lastKnownFileType = sourcecode.swift; path = UIViewControllerExtensions.swift; sourceTree = "<group>"; };
		07A560C61DFAD1A500BB1568 /* UIViewExtensions.swift */ = {isa = PBXFileReference; fileEncoding = 4; lastKnownFileType = sourcecode.swift; path = UIViewExtensions.swift; sourceTree = "<group>"; };
		07ED1D4E1DFD4910008DAEA8 /* UICollectionViewExtensions.swift */ = {isa = PBXFileReference; fileEncoding = 4; lastKnownFileType = sourcecode.swift; path = UICollectionViewExtensions.swift; sourceTree = "<group>"; };
/* End PBXFileReference section */

/* Begin PBXFrameworksBuildPhase section */
		0786A3EA1DA8194200DFD5C0 /* Frameworks */ = {
			isa = PBXFrameworksBuildPhase;
			buildActionMask = 2147483647;
			files = (
			);
			runOnlyForDeploymentPostprocessing = 0;
		};
		0786A3F41DA8194300DFD5C0 /* Frameworks */ = {
			isa = PBXFrameworksBuildPhase;
			buildActionMask = 2147483647;
			files = (
				0786A3F81DA8194300DFD5C0 /* SwifterSwift.framework in Frameworks */,
			);
			runOnlyForDeploymentPostprocessing = 0;
		};
/* End PBXFrameworksBuildPhase section */

/* Begin PBXGroup section */
		0786A3E41DA8194200DFD5C0 = {
			isa = PBXGroup;
			children = (
				0786A3F01DA8194200DFD5C0 /* SwifterSwift */,
				0786A3FB1DA8194300DFD5C0 /* SwifterSwiftTests */,
				0786A3EF1DA8194200DFD5C0 /* Products */,
			);
			sourceTree = "<group>";
		};
		0786A3EF1DA8194200DFD5C0 /* Products */ = {
			isa = PBXGroup;
			children = (
				0786A3EE1DA8194200DFD5C0 /* SwifterSwift.framework */,
				0786A3F71DA8194300DFD5C0 /* SwifterSwiftTests.xctest */,
			);
			name = Products;
			sourceTree = "<group>";
		};
		0786A3F01DA8194200DFD5C0 /* SwifterSwift */ = {
			isa = PBXGroup;
			children = (
				07A560A21DFAD1A500BB1568 /* Extensions */,
				0786A3F11DA8194200DFD5C0 /* SwifterSwift.h */,
				0786A3F21DA8194200DFD5C0 /* Info.plist */,
			);
			path = SwifterSwift;
			sourceTree = "<group>";
		};
		0786A3FB1DA8194300DFD5C0 /* SwifterSwiftTests */ = {
			isa = PBXGroup;
			children = (
				0786A40A1DA8198D00DFD5C0 /* ArrayExtensionsTests.swift */,
				0786A40B1DA8198D00DFD5C0 /* CGFloatExtensionsTests.swift */,
				0786A40C1DA8198D00DFD5C0 /* CGSizeExtensionsTests.swift */,
				0786A40D1DA8198D00DFD5C0 /* CharacterExtensionsTests.swift */,
				0786A40E1DA8198D00DFD5C0 /* ConvenienceExtensionsTests.swift */,
				0786A40F1DA8198D00DFD5C0 /* DateExtensionsTests.swift */,
				0786A4101DA8198D00DFD5C0 /* DictionaryExtensionsTests.swift */,
				0786A4111DA8198D00DFD5C0 /* DoubleExtensionsTests.swift */,
				0786A4121DA8198D00DFD5C0 /* FloatExtensionsTests.swift */,
				0786A4131DA8198D00DFD5C0 /* IntExtensionsTests.swift */,
				0786A4141DA8198D00DFD5C0 /* StringExtensionsTests.swift */,
				0786A3FE1DA8194300DFD5C0 /* Info.plist */,
			);
			path = SwifterSwiftTests;
			sourceTree = "<group>";
		};
		07A560A21DFAD1A500BB1568 /* Extensions */ = {
			isa = PBXGroup;
			children = (
				07A560A31DFAD1A500BB1568 /* ArrayExtensions.swift */,
				07A560A41DFAD1A500BB1568 /* BoolExtensions.swift */,
				07A560A51DFAD1A500BB1568 /* CharacterExtensions.swift */,
				07A560A61DFAD1A500BB1568 /* DataExtensions.swift */,
				07A560A71DFAD1A500BB1568 /* DateExtensions.swift */,
				07A560A81DFAD1A500BB1568 /* DictionaryExtensions.swift */,
				07A560A91DFAD1A500BB1568 /* DoubleExtensions.swift */,
				07A560AA1DFAD1A500BB1568 /* FloatExtensions.swift */,
				07A560AB1DFAD1A500BB1568 /* IntExtensions.swift */,
				07A560AC1DFAD1A500BB1568 /* StringExtensions.swift */,
				07A560AD1DFAD1A500BB1568 /* SwifterSwift.swift */,
				07A560AE1DFAD1A500BB1568 /* UI */,
			);
			path = Extensions;
			sourceTree = "<group>";
		};
		07A560AE1DFAD1A500BB1568 /* UI */ = {
			isa = PBXGroup;
			children = (
				07A560AF1DFAD1A500BB1568 /* CGFloatExtensions.swift */,
				07A560B01DFAD1A500BB1568 /* CGPointExtensions.swift */,
				07A560B11DFAD1A500BB1568 /* CGSizeExtensions.swift */,
				07A560B21DFAD1A500BB1568 /* NSAttributedStringExtensions.swift */,
				07A560B31DFAD1A500BB1568 /* UIAlertControllerExtensions.swift */,
				07A560B41DFAD1A500BB1568 /* UIBarButtonItemExtensions.swift */,
				07A560B51DFAD1A500BB1568 /* UIButtonExtensions.swift */,
				07ED1D4E1DFD4910008DAEA8 /* UICollectionViewExtensions.swift */,
				07A560B61DFAD1A500BB1568 /* UIColorExtensions.swift */,
				07A560B71DFAD1A500BB1568 /* UIImageExtensions.swift */,
				07A560B81DFAD1A500BB1568 /* UIImageViewExtensions.swift */,
				07A560B91DFAD1A500BB1568 /* UILabelExtensions.swift */,
				07A560BA1DFAD1A500BB1568 /* UINavigationBarExtensions.swift */,
				07A560BB1DFAD1A500BB1568 /* UINavigationControllerExtensions.swift */,
				07A560BC1DFAD1A500BB1568 /* UINavigationItemExtensions.swift */,
				07A560BD1DFAD1A500BB1568 /* UISearchBarExtensions.swift */,
				07A560BE1DFAD1A500BB1568 /* UISegmentedControlExtensions.swift */,
				07A560BF1DFAD1A500BB1568 /* UISliderExtensions.swift */,
				07A560C01DFAD1A500BB1568 /* UISwitchExtensions.swift */,
				07A560C11DFAD1A500BB1568 /* UITabBarExtensions.swift */,
				07A560C21DFAD1A500BB1568 /* UITableViewExtensions.swift */,
				07A560C31DFAD1A500BB1568 /* UITextFieldExtensions.swift */,
				07A560C41DFAD1A500BB1568 /* UITextViewExtensions.swift */,
				07A560C61DFAD1A500BB1568 /* UIViewExtensions.swift */,
				07A560C51DFAD1A500BB1568 /* UIViewControllerExtensions.swift */,
			);
			path = UI;
			sourceTree = "<group>";
		};
/* End PBXGroup section */

/* Begin PBXHeadersBuildPhase section */
		0786A3EB1DA8194200DFD5C0 /* Headers */ = {
			isa = PBXHeadersBuildPhase;
			buildActionMask = 2147483647;
			files = (
				0786A3FF1DA8194300DFD5C0 /* SwifterSwift.h in Headers */,
			);
			runOnlyForDeploymentPostprocessing = 0;
		};
/* End PBXHeadersBuildPhase section */

/* Begin PBXNativeTarget section */
		0786A3ED1DA8194200DFD5C0 /* SwifterSwift */ = {
			isa = PBXNativeTarget;
			buildConfigurationList = 0786A4021DA8194300DFD5C0 /* Build configuration list for PBXNativeTarget "SwifterSwift" */;
			buildPhases = (
				0786A3E91DA8194200DFD5C0 /* Sources */,
				0786A3EA1DA8194200DFD5C0 /* Frameworks */,
				0786A3EB1DA8194200DFD5C0 /* Headers */,
				0786A3EC1DA8194200DFD5C0 /* Resources */,
			);
			buildRules = (
			);
			dependencies = (
			);
			name = SwifterSwift;
			productName = SwifterSwift;
			productReference = 0786A3EE1DA8194200DFD5C0 /* SwifterSwift.framework */;
			productType = "com.apple.product-type.framework";
		};
		0786A3F61DA8194300DFD5C0 /* SwifterSwiftTests */ = {
			isa = PBXNativeTarget;
			buildConfigurationList = 0786A4051DA8194300DFD5C0 /* Build configuration list for PBXNativeTarget "SwifterSwiftTests" */;
			buildPhases = (
				0786A3F31DA8194300DFD5C0 /* Sources */,
				0786A3F41DA8194300DFD5C0 /* Frameworks */,
				0786A3F51DA8194300DFD5C0 /* Resources */,
			);
			buildRules = (
			);
			dependencies = (
				0786A3FA1DA8194300DFD5C0 /* PBXTargetDependency */,
			);
			name = SwifterSwiftTests;
			productName = SwifterSwiftTests;
			productReference = 0786A3F71DA8194300DFD5C0 /* SwifterSwiftTests.xctest */;
			productType = "com.apple.product-type.bundle.unit-test";
		};
/* End PBXNativeTarget section */

/* Begin PBXProject section */
		0786A3E51DA8194200DFD5C0 /* Project object */ = {
			isa = PBXProject;
			attributes = {
				LastSwiftUpdateCheck = 0800;
				LastUpgradeCheck = 0810;
				ORGANIZATIONNAME = "Omar Albeik";
				TargetAttributes = {
					0786A3ED1DA8194200DFD5C0 = {
						CreatedOnToolsVersion = 8.0;
						ProvisioningStyle = Automatic;
					};
					0786A3F61DA8194300DFD5C0 = {
						CreatedOnToolsVersion = 8.0;
						ProvisioningStyle = Automatic;
					};
				};
			};
			buildConfigurationList = 0786A3E81DA8194200DFD5C0 /* Build configuration list for PBXProject "SwifterSwift" */;
			compatibilityVersion = "Xcode 3.2";
			developmentRegion = English;
			hasScannedForEncodings = 0;
			knownRegions = (
				en,
			);
			mainGroup = 0786A3E41DA8194200DFD5C0;
			productRefGroup = 0786A3EF1DA8194200DFD5C0 /* Products */;
			projectDirPath = "";
			projectRoot = "";
			targets = (
				0786A3ED1DA8194200DFD5C0 /* SwifterSwift */,
				0786A3F61DA8194300DFD5C0 /* SwifterSwiftTests */,
			);
		};
/* End PBXProject section */

/* Begin PBXResourcesBuildPhase section */
		0786A3EC1DA8194200DFD5C0 /* Resources */ = {
			isa = PBXResourcesBuildPhase;
			buildActionMask = 2147483647;
			files = (
			);
			runOnlyForDeploymentPostprocessing = 0;
		};
		0786A3F51DA8194300DFD5C0 /* Resources */ = {
			isa = PBXResourcesBuildPhase;
			buildActionMask = 2147483647;
			files = (
			);
			runOnlyForDeploymentPostprocessing = 0;
		};
/* End PBXResourcesBuildPhase section */

/* Begin PBXSourcesBuildPhase section */
		0786A3E91DA8194200DFD5C0 /* Sources */ = {
			isa = PBXSourcesBuildPhase;
			buildActionMask = 2147483647;
			files = (
				07A560D71DFAD1A500BB1568 /* IntExtensions.swift in Sources */,
				07A5610B1DFAD1A600BB1568 /* UIViewExtensions.swift in Sources */,
				07A561011DFAD1A600BB1568 /* UITabBarExtensions.swift in Sources */,
				07A560FF1DFAD1A600BB1568 /* UISwitchExtensions.swift in Sources */,
				07ED1D4F1DFD4910008DAEA8 /* UICollectionViewExtensions.swift in Sources */,
				07A560C71DFAD1A500BB1568 /* ArrayExtensions.swift in Sources */,
				07A560E51DFAD1A600BB1568 /* UIAlertControllerExtensions.swift in Sources */,
				07A560F31DFAD1A600BB1568 /* UINavigationBarExtensions.swift in Sources */,
				07A560E31DFAD1A600BB1568 /* NSAttributedStringExtensions.swift in Sources */,
				07A560E71DFAD1A600BB1568 /* UIBarButtonItemExtensions.swift in Sources */,
				07A560DD1DFAD1A500BB1568 /* CGFloatExtensions.swift in Sources */,
				07A560EB1DFAD1A600BB1568 /* UIColorExtensions.swift in Sources */,
				07A560EF1DFAD1A600BB1568 /* UIImageViewExtensions.swift in Sources */,
				07A560ED1DFAD1A600BB1568 /* UIImageExtensions.swift in Sources */,
				07A560D91DFAD1A500BB1568 /* StringExtensions.swift in Sources */,
				07A561051DFAD1A600BB1568 /* UITextFieldExtensions.swift in Sources */,
				07A560CF1DFAD1A500BB1568 /* DateExtensions.swift in Sources */,
				07A560CD1DFAD1A500BB1568 /* DataExtensions.swift in Sources */,
				07A560E11DFAD1A600BB1568 /* CGSizeExtensions.swift in Sources */,
				07A560FB1DFAD1A600BB1568 /* UISegmentedControlExtensions.swift in Sources */,
				07A561091DFAD1A600BB1568 /* UIViewControllerExtensions.swift in Sources */,
				07A560C91DFAD1A500BB1568 /* BoolExtensions.swift in Sources */,
				07A560F11DFAD1A600BB1568 /* UILabelExtensions.swift in Sources */,
				07A560D31DFAD1A500BB1568 /* DoubleExtensions.swift in Sources */,
				07A560CB1DFAD1A500BB1568 /* CharacterExtensions.swift in Sources */,
				07A560D51DFAD1A500BB1568 /* FloatExtensions.swift in Sources */,
				07A560FD1DFAD1A600BB1568 /* UISliderExtensions.swift in Sources */,
				07A560F51DFAD1A600BB1568 /* UINavigationControllerExtensions.swift in Sources */,
				07A560DB1DFAD1A500BB1568 /* SwifterSwift.swift in Sources */,
				07A560F71DFAD1A600BB1568 /* UINavigationItemExtensions.swift in Sources */,
				07A560E91DFAD1A600BB1568 /* UIButtonExtensions.swift in Sources */,
				07A560DF1DFAD1A600BB1568 /* CGPointExtensions.swift in Sources */,
				07A561031DFAD1A600BB1568 /* UITableViewExtensions.swift in Sources */,
				07A560D11DFAD1A500BB1568 /* DictionaryExtensions.swift in Sources */,
				07A560F91DFAD1A600BB1568 /* UISearchBarExtensions.swift in Sources */,
				07A561071DFAD1A600BB1568 /* UITextViewExtensions.swift in Sources */,
			);
			runOnlyForDeploymentPostprocessing = 0;
		};
		0786A3F31DA8194300DFD5C0 /* Sources */ = {
			isa = PBXSourcesBuildPhase;
			buildActionMask = 2147483647;
			files = (
				07A560F61DFAD1A600BB1568 /* UINavigationControllerExtensions.swift in Sources */,
				0786A41F1DA8198D00DFD5C0 /* StringExtensionsTests.swift in Sources */,
				07A560CA1DFAD1A500BB1568 /* BoolExtensions.swift in Sources */,
				07A560F01DFAD1A600BB1568 /* UIImageViewExtensions.swift in Sources */,
				07A5610C1DFAD1A600BB1568 /* UIViewExtensions.swift in Sources */,
				0786A41D1DA8198D00DFD5C0 /* FloatExtensionsTests.swift in Sources */,
				07A560DA1DFAD1A500BB1568 /* StringExtensions.swift in Sources */,
				07A560E81DFAD1A600BB1568 /* UIBarButtonItemExtensions.swift in Sources */,
				07A560E61DFAD1A600BB1568 /* UIAlertControllerExtensions.swift in Sources */,
				07A560FC1DFAD1A600BB1568 /* UISegmentedControlExtensions.swift in Sources */,
				0786A41A1DA8198D00DFD5C0 /* DateExtensionsTests.swift in Sources */,
				07A560FE1DFAD1A600BB1568 /* UISliderExtensions.swift in Sources */,
				07A561021DFAD1A600BB1568 /* UITabBarExtensions.swift in Sources */,
				07A561001DFAD1A600BB1568 /* UISwitchExtensions.swift in Sources */,
				07A560D41DFAD1A500BB1568 /* DoubleExtensions.swift in Sources */,
				07A560D81DFAD1A500BB1568 /* IntExtensions.swift in Sources */,
				07A560EC1DFAD1A600BB1568 /* UIColorExtensions.swift in Sources */,
				0786A41C1DA8198D00DFD5C0 /* DoubleExtensionsTests.swift in Sources */,
				0786A4151DA8198D00DFD5C0 /* ArrayExtensionsTests.swift in Sources */,
				0786A41E1DA8198D00DFD5C0 /* IntExtensionsTests.swift in Sources */,
				07A560F21DFAD1A600BB1568 /* UILabelExtensions.swift in Sources */,
				0786A41B1DA8198D00DFD5C0 /* DictionaryExtensionsTests.swift in Sources */,
				07A561041DFAD1A600BB1568 /* UITableViewExtensions.swift in Sources */,
				07A5610A1DFAD1A600BB1568 /* UIViewControllerExtensions.swift in Sources */,
				07A560CE1DFAD1A500BB1568 /* DataExtensions.swift in Sources */,
				07A560C81DFAD1A500BB1568 /* ArrayExtensions.swift in Sources */,
				07A560D21DFAD1A500BB1568 /* DictionaryExtensions.swift in Sources */,
				0786A4191DA8198D00DFD5C0 /* ConvenienceExtensionsTests.swift in Sources */,
				0786A4171DA8198D00DFD5C0 /* CGSizeExtensionsTests.swift in Sources */,
				0786A4161DA8198D00DFD5C0 /* CGFloatExtensionsTests.swift in Sources */,
				07A560D01DFAD1A500BB1568 /* DateExtensions.swift in Sources */,
				07A560FA1DFAD1A600BB1568 /* UISearchBarExtensions.swift in Sources */,
				07A560F81DFAD1A600BB1568 /* UINavigationItemExtensions.swift in Sources */,
				0786A4181DA8198D00DFD5C0 /* CharacterExtensionsTests.swift in Sources */,
				07A560D61DFAD1A500BB1568 /* FloatExtensions.swift in Sources */,
				07A560F41DFAD1A600BB1568 /* UINavigationBarExtensions.swift in Sources */,
				07A560E21DFAD1A600BB1568 /* CGSizeExtensions.swift in Sources */,
				07A560E41DFAD1A600BB1568 /* NSAttributedStringExtensions.swift in Sources */,
				07A561061DFAD1A600BB1568 /* UITextFieldExtensions.swift in Sources */,
				07A560DE1DFAD1A600BB1568 /* CGFloatExtensions.swift in Sources */,
				07A560DC1DFAD1A500BB1568 /* SwifterSwift.swift in Sources */,
				07A560EA1DFAD1A600BB1568 /* UIButtonExtensions.swift in Sources */,
				07A560E01DFAD1A600BB1568 /* CGPointExtensions.swift in Sources */,
				07A560CC1DFAD1A500BB1568 /* CharacterExtensions.swift in Sources */,
				07A560EE1DFAD1A600BB1568 /* UIImageExtensions.swift in Sources */,
				07A561081DFAD1A600BB1568 /* UITextViewExtensions.swift in Sources */,
			);
			runOnlyForDeploymentPostprocessing = 0;
		};
/* End PBXSourcesBuildPhase section */

/* Begin PBXTargetDependency section */
		0786A3FA1DA8194300DFD5C0 /* PBXTargetDependency */ = {
			isa = PBXTargetDependency;
			target = 0786A3ED1DA8194200DFD5C0 /* SwifterSwift */;
			targetProxy = 0786A3F91DA8194300DFD5C0 /* PBXContainerItemProxy */;
		};
/* End PBXTargetDependency section */

/* Begin XCBuildConfiguration section */
		0786A4001DA8194300DFD5C0 /* Debug */ = {
			isa = XCBuildConfiguration;
			buildSettings = {
				ALWAYS_SEARCH_USER_PATHS = NO;
				CLANG_ANALYZER_NONNULL = YES;
				CLANG_CXX_LANGUAGE_STANDARD = "gnu++0x";
				CLANG_CXX_LIBRARY = "libc++";
				CLANG_ENABLE_MODULES = YES;
				CLANG_ENABLE_OBJC_ARC = YES;
				CLANG_WARN_BOOL_CONVERSION = YES;
				CLANG_WARN_CONSTANT_CONVERSION = YES;
				CLANG_WARN_DIRECT_OBJC_ISA_USAGE = YES_ERROR;
				CLANG_WARN_DOCUMENTATION_COMMENTS = YES;
				CLANG_WARN_EMPTY_BODY = YES;
				CLANG_WARN_ENUM_CONVERSION = YES;
				CLANG_WARN_INFINITE_RECURSION = YES;
				CLANG_WARN_INT_CONVERSION = YES;
				CLANG_WARN_OBJC_ROOT_CLASS = YES_ERROR;
				CLANG_WARN_SUSPICIOUS_MOVE = YES;
				CLANG_WARN_SUSPICIOUS_MOVES = YES;
				CLANG_WARN_UNREACHABLE_CODE = YES;
				CLANG_WARN__DUPLICATE_METHOD_MATCH = YES;
				"CODE_SIGN_IDENTITY[sdk=iphoneos*]" = "iPhone Developer";
				COPY_PHASE_STRIP = NO;
				CURRENT_PROJECT_VERSION = 1;
				DEBUG_INFORMATION_FORMAT = dwarf;
				ENABLE_STRICT_OBJC_MSGSEND = YES;
				ENABLE_TESTABILITY = YES;
				GCC_C_LANGUAGE_STANDARD = gnu99;
				GCC_DYNAMIC_NO_PIC = NO;
				GCC_NO_COMMON_BLOCKS = YES;
				GCC_OPTIMIZATION_LEVEL = 0;
				GCC_PREPROCESSOR_DEFINITIONS = (
					"DEBUG=1",
					"$(inherited)",
				);
				GCC_WARN_64_TO_32_BIT_CONVERSION = YES;
				GCC_WARN_ABOUT_RETURN_TYPE = YES_ERROR;
				GCC_WARN_UNDECLARED_SELECTOR = YES;
				GCC_WARN_UNINITIALIZED_AUTOS = YES_AGGRESSIVE;
				GCC_WARN_UNUSED_FUNCTION = YES;
				GCC_WARN_UNUSED_VARIABLE = YES;
				IPHONEOS_DEPLOYMENT_TARGET = 8.0;
				MTL_ENABLE_DEBUG_INFO = YES;
				ONLY_ACTIVE_ARCH = YES;
				SDKROOT = iphoneos;
				SWIFT_ACTIVE_COMPILATION_CONDITIONS = DEBUG;
				SWIFT_OPTIMIZATION_LEVEL = "-Onone";
				TARGETED_DEVICE_FAMILY = "1,2";
				VERSIONING_SYSTEM = "apple-generic";
				VERSION_INFO_PREFIX = "";
			};
			name = Debug;
		};
		0786A4011DA8194300DFD5C0 /* Release */ = {
			isa = XCBuildConfiguration;
			buildSettings = {
				ALWAYS_SEARCH_USER_PATHS = NO;
				CLANG_ANALYZER_NONNULL = YES;
				CLANG_CXX_LANGUAGE_STANDARD = "gnu++0x";
				CLANG_CXX_LIBRARY = "libc++";
				CLANG_ENABLE_MODULES = YES;
				CLANG_ENABLE_OBJC_ARC = YES;
				CLANG_WARN_BOOL_CONVERSION = YES;
				CLANG_WARN_CONSTANT_CONVERSION = YES;
				CLANG_WARN_DIRECT_OBJC_ISA_USAGE = YES_ERROR;
				CLANG_WARN_DOCUMENTATION_COMMENTS = YES;
				CLANG_WARN_EMPTY_BODY = YES;
				CLANG_WARN_ENUM_CONVERSION = YES;
				CLANG_WARN_INFINITE_RECURSION = YES;
				CLANG_WARN_INT_CONVERSION = YES;
				CLANG_WARN_OBJC_ROOT_CLASS = YES_ERROR;
				CLANG_WARN_SUSPICIOUS_MOVE = YES;
				CLANG_WARN_SUSPICIOUS_MOVES = YES;
				CLANG_WARN_UNREACHABLE_CODE = YES;
				CLANG_WARN__DUPLICATE_METHOD_MATCH = YES;
				"CODE_SIGN_IDENTITY[sdk=iphoneos*]" = "iPhone Developer";
				COPY_PHASE_STRIP = NO;
				CURRENT_PROJECT_VERSION = 1;
				DEBUG_INFORMATION_FORMAT = "dwarf-with-dsym";
				ENABLE_NS_ASSERTIONS = NO;
				ENABLE_STRICT_OBJC_MSGSEND = YES;
				GCC_C_LANGUAGE_STANDARD = gnu99;
				GCC_NO_COMMON_BLOCKS = YES;
				GCC_WARN_64_TO_32_BIT_CONVERSION = YES;
				GCC_WARN_ABOUT_RETURN_TYPE = YES_ERROR;
				GCC_WARN_UNDECLARED_SELECTOR = YES;
				GCC_WARN_UNINITIALIZED_AUTOS = YES_AGGRESSIVE;
				GCC_WARN_UNUSED_FUNCTION = YES;
				GCC_WARN_UNUSED_VARIABLE = YES;
				IPHONEOS_DEPLOYMENT_TARGET = 8.0;
				MTL_ENABLE_DEBUG_INFO = NO;
				SDKROOT = iphoneos;
				SWIFT_OPTIMIZATION_LEVEL = "-Owholemodule";
				TARGETED_DEVICE_FAMILY = "1,2";
				VALIDATE_PRODUCT = YES;
				VERSIONING_SYSTEM = "apple-generic";
				VERSION_INFO_PREFIX = "";
			};
			name = Release;
		};
		0786A4031DA8194300DFD5C0 /* Debug */ = {
			isa = XCBuildConfiguration;
			buildSettings = {
				CODE_SIGN_IDENTITY = "";
				DEFINES_MODULE = YES;
				DYLIB_COMPATIBILITY_VERSION = 1;
				DYLIB_CURRENT_VERSION = 1;
				DYLIB_INSTALL_NAME_BASE = "@rpath";
				INFOPLIST_FILE = SwifterSwift/Info.plist;
				INSTALL_PATH = "$(LOCAL_LIBRARY_DIR)/Frameworks";
				IPHONEOS_DEPLOYMENT_TARGET = 8.0;
				LD_RUNPATH_SEARCH_PATHS = "$(inherited) @executable_path/Frameworks @loader_path/Frameworks";
				PRODUCT_BUNDLE_IDENTIFIER = com.omaralbeik.swifterswift;
				PRODUCT_NAME = "$(TARGET_NAME)";
				SKIP_INSTALL = YES;
				SWIFT_VERSION = 3.0;
			};
			name = Debug;
		};
		0786A4041DA8194300DFD5C0 /* Release */ = {
			isa = XCBuildConfiguration;
			buildSettings = {
				CODE_SIGN_IDENTITY = "";
				DEFINES_MODULE = YES;
				DYLIB_COMPATIBILITY_VERSION = 1;
				DYLIB_CURRENT_VERSION = 1;
				DYLIB_INSTALL_NAME_BASE = "@rpath";
				INFOPLIST_FILE = SwifterSwift/Info.plist;
				INSTALL_PATH = "$(LOCAL_LIBRARY_DIR)/Frameworks";
				IPHONEOS_DEPLOYMENT_TARGET = 8.0;
				LD_RUNPATH_SEARCH_PATHS = "$(inherited) @executable_path/Frameworks @loader_path/Frameworks";
				PRODUCT_BUNDLE_IDENTIFIER = com.omaralbeik.swifterswift;
				PRODUCT_NAME = "$(TARGET_NAME)";
				SKIP_INSTALL = YES;
				SWIFT_VERSION = 3.0;
			};
			name = Release;
		};
		0786A4061DA8194300DFD5C0 /* Debug */ = {
			isa = XCBuildConfiguration;
			buildSettings = {
				ALWAYS_EMBED_SWIFT_STANDARD_LIBRARIES = YES;
				INFOPLIST_FILE = SwifterSwiftTests/Info.plist;
				LD_RUNPATH_SEARCH_PATHS = "$(inherited) @executable_path/Frameworks @loader_path/Frameworks";
				PRODUCT_BUNDLE_IDENTIFIER = com.swiftierswift.SwifterSwiftTests;
				PRODUCT_NAME = "$(TARGET_NAME)";
				SWIFT_VERSION = 3.0;
			};
			name = Debug;
		};
		0786A4071DA8194300DFD5C0 /* Release */ = {
			isa = XCBuildConfiguration;
			buildSettings = {
				ALWAYS_EMBED_SWIFT_STANDARD_LIBRARIES = YES;
				INFOPLIST_FILE = SwifterSwiftTests/Info.plist;
				LD_RUNPATH_SEARCH_PATHS = "$(inherited) @executable_path/Frameworks @loader_path/Frameworks";
				PRODUCT_BUNDLE_IDENTIFIER = com.swiftierswift.SwifterSwiftTests;
				PRODUCT_NAME = "$(TARGET_NAME)";
				SWIFT_VERSION = 3.0;
			};
			name = Release;
		};
/* End XCBuildConfiguration section */

/* Begin XCConfigurationList section */
		0786A3E81DA8194200DFD5C0 /* Build configuration list for PBXProject "SwifterSwift" */ = {
			isa = XCConfigurationList;
			buildConfigurations = (
				0786A4001DA8194300DFD5C0 /* Debug */,
				0786A4011DA8194300DFD5C0 /* Release */,
			);
			defaultConfigurationIsVisible = 0;
			defaultConfigurationName = Release;
		};
		0786A4021DA8194300DFD5C0 /* Build configuration list for PBXNativeTarget "SwifterSwift" */ = {
			isa = XCConfigurationList;
			buildConfigurations = (
				0786A4031DA8194300DFD5C0 /* Debug */,
				0786A4041DA8194300DFD5C0 /* Release */,
			);
			defaultConfigurationIsVisible = 0;
			defaultConfigurationName = Release;
		};
		0786A4051DA8194300DFD5C0 /* Build configuration list for PBXNativeTarget "SwifterSwiftTests" */ = {
			isa = XCConfigurationList;
			buildConfigurations = (
				0786A4061DA8194300DFD5C0 /* Debug */,
				0786A4071DA8194300DFD5C0 /* Release */,
			);
			defaultConfigurationIsVisible = 0;
			defaultConfigurationName = Release;
		};
/* End XCConfigurationList section */
	};
	rootObject = 0786A3E51DA8194200DFD5C0 /* Project object */;
}
