// !$*UTF8*$!
{
	archiveVersion = 1;
	classes = {
	};
	objectVersion = 46;
	objects = {

/* Begin PBXBuildFile section */
		072F7A971E11DDDD0021AB84 /* ArrayExtensions.swift in Sources */ = {isa = PBXBuildFile; fileRef = 072F7A6F1E11DDDD0021AB84 /* ArrayExtensions.swift */; };
		072F7A981E11DDDD0021AB84 /* BoolExtensions.swift in Sources */ = {isa = PBXBuildFile; fileRef = 072F7A701E11DDDD0021AB84 /* BoolExtensions.swift */; };
		072F7A991E11DDDD0021AB84 /* CharacterExtensions.swift in Sources */ = {isa = PBXBuildFile; fileRef = 072F7A711E11DDDD0021AB84 /* CharacterExtensions.swift */; };
		072F7A9A1E11DDDD0021AB84 /* CollectionExtensions.swift in Sources */ = {isa = PBXBuildFile; fileRef = 072F7A721E11DDDD0021AB84 /* CollectionExtensions.swift */; };
		072F7A9B1E11DDDD0021AB84 /* DataExtensions.swift in Sources */ = {isa = PBXBuildFile; fileRef = 072F7A731E11DDDD0021AB84 /* DataExtensions.swift */; };
		072F7A9C1E11DDDD0021AB84 /* DateExtensions.swift in Sources */ = {isa = PBXBuildFile; fileRef = 072F7A741E11DDDD0021AB84 /* DateExtensions.swift */; };
		072F7A9D1E11DDDD0021AB84 /* DictionaryExtensions.swift in Sources */ = {isa = PBXBuildFile; fileRef = 072F7A751E11DDDD0021AB84 /* DictionaryExtensions.swift */; };
		072F7A9E1E11DDDD0021AB84 /* DoubleExtensions.swift in Sources */ = {isa = PBXBuildFile; fileRef = 072F7A761E11DDDD0021AB84 /* DoubleExtensions.swift */; };
		072F7A9F1E11DDDD0021AB84 /* FloatExtensions.swift in Sources */ = {isa = PBXBuildFile; fileRef = 072F7A771E11DDDD0021AB84 /* FloatExtensions.swift */; };
		072F7AA01E11DDDD0021AB84 /* IntExtensions.swift in Sources */ = {isa = PBXBuildFile; fileRef = 072F7A781E11DDDD0021AB84 /* IntExtensions.swift */; };
		072F7AA11E11DDDD0021AB84 /* StringExtensions.swift in Sources */ = {isa = PBXBuildFile; fileRef = 072F7A791E11DDDD0021AB84 /* StringExtensions.swift */; };
		072F7AA21E11DDDD0021AB84 /* SwifterSwift.swift in Sources */ = {isa = PBXBuildFile; fileRef = 072F7A7A1E11DDDD0021AB84 /* SwifterSwift.swift */; };
		072F7AA31E11DDDD0021AB84 /* CGFloatExtensions.swift in Sources */ = {isa = PBXBuildFile; fileRef = 072F7A7C1E11DDDD0021AB84 /* CGFloatExtensions.swift */; };
		072F7AA41E11DDDD0021AB84 /* CGPointExtensions.swift in Sources */ = {isa = PBXBuildFile; fileRef = 072F7A7D1E11DDDD0021AB84 /* CGPointExtensions.swift */; };
		072F7AA51E11DDDD0021AB84 /* CGSizeExtensions.swift in Sources */ = {isa = PBXBuildFile; fileRef = 072F7A7E1E11DDDD0021AB84 /* CGSizeExtensions.swift */; };
		072F7AA61E11DDDD0021AB84 /* NSAttributedStringExtensions.swift in Sources */ = {isa = PBXBuildFile; fileRef = 072F7A7F1E11DDDD0021AB84 /* NSAttributedStringExtensions.swift */; };
		072F7AA71E11DDDD0021AB84 /* UIAlertControllerExtensions.swift in Sources */ = {isa = PBXBuildFile; fileRef = 072F7A801E11DDDD0021AB84 /* UIAlertControllerExtensions.swift */; };
		072F7AA81E11DDDD0021AB84 /* UIBarButtonItemExtensions.swift in Sources */ = {isa = PBXBuildFile; fileRef = 072F7A811E11DDDD0021AB84 /* UIBarButtonItemExtensions.swift */; };
		072F7AA91E11DDDD0021AB84 /* UIButtonExtensions.swift in Sources */ = {isa = PBXBuildFile; fileRef = 072F7A821E11DDDD0021AB84 /* UIButtonExtensions.swift */; };
		072F7AAA1E11DDDD0021AB84 /* UICollectionViewExtensions.swift in Sources */ = {isa = PBXBuildFile; fileRef = 072F7A831E11DDDD0021AB84 /* UICollectionViewExtensions.swift */; };
		072F7AAB1E11DDDD0021AB84 /* UIColorExtensions.swift in Sources */ = {isa = PBXBuildFile; fileRef = 072F7A841E11DDDD0021AB84 /* UIColorExtensions.swift */; };
		072F7AAC1E11DDDD0021AB84 /* UIImageExtensions.swift in Sources */ = {isa = PBXBuildFile; fileRef = 072F7A851E11DDDD0021AB84 /* UIImageExtensions.swift */; };
		072F7AAD1E11DDDD0021AB84 /* UIImageViewExtensions.swift in Sources */ = {isa = PBXBuildFile; fileRef = 072F7A861E11DDDD0021AB84 /* UIImageViewExtensions.swift */; };
		072F7AAE1E11DDDD0021AB84 /* UILabelExtensions.swift in Sources */ = {isa = PBXBuildFile; fileRef = 072F7A871E11DDDD0021AB84 /* UILabelExtensions.swift */; };
		072F7AAF1E11DDDD0021AB84 /* UINavigationBarExtensions.swift in Sources */ = {isa = PBXBuildFile; fileRef = 072F7A881E11DDDD0021AB84 /* UINavigationBarExtensions.swift */; };
		072F7AB01E11DDDD0021AB84 /* UINavigationControllerExtensions.swift in Sources */ = {isa = PBXBuildFile; fileRef = 072F7A891E11DDDD0021AB84 /* UINavigationControllerExtensions.swift */; };
		072F7AB11E11DDDD0021AB84 /* UINavigationItemExtensions.swift in Sources */ = {isa = PBXBuildFile; fileRef = 072F7A8A1E11DDDD0021AB84 /* UINavigationItemExtensions.swift */; };
		072F7AB21E11DDDD0021AB84 /* UISearchBarExtensions.swift in Sources */ = {isa = PBXBuildFile; fileRef = 072F7A8B1E11DDDD0021AB84 /* UISearchBarExtensions.swift */; };
		072F7AB31E11DDDD0021AB84 /* UISegmentedControlExtensions.swift in Sources */ = {isa = PBXBuildFile; fileRef = 072F7A8C1E11DDDD0021AB84 /* UISegmentedControlExtensions.swift */; };
		072F7AB41E11DDDD0021AB84 /* UISliderExtensions.swift in Sources */ = {isa = PBXBuildFile; fileRef = 072F7A8D1E11DDDD0021AB84 /* UISliderExtensions.swift */; };
		072F7AB51E11DDDD0021AB84 /* UISwitchExtensions.swift in Sources */ = {isa = PBXBuildFile; fileRef = 072F7A8E1E11DDDD0021AB84 /* UISwitchExtensions.swift */; };
		072F7AB61E11DDDD0021AB84 /* UITabBarExtensions.swift in Sources */ = {isa = PBXBuildFile; fileRef = 072F7A8F1E11DDDD0021AB84 /* UITabBarExtensions.swift */; };
		072F7AB71E11DDDD0021AB84 /* UITableViewExtensions.swift in Sources */ = {isa = PBXBuildFile; fileRef = 072F7A901E11DDDD0021AB84 /* UITableViewExtensions.swift */; };
		072F7AB81E11DDDD0021AB84 /* UITextFieldExtensions.swift in Sources */ = {isa = PBXBuildFile; fileRef = 072F7A911E11DDDD0021AB84 /* UITextFieldExtensions.swift */; };
		072F7AB91E11DDDD0021AB84 /* UITextViewExtensions.swift in Sources */ = {isa = PBXBuildFile; fileRef = 072F7A921E11DDDD0021AB84 /* UITextViewExtensions.swift */; };
		072F7ABA1E11DDDD0021AB84 /* UIViewControllerExtensions.swift in Sources */ = {isa = PBXBuildFile; fileRef = 072F7A931E11DDDD0021AB84 /* UIViewControllerExtensions.swift */; };
		072F7ABB1E11DDDD0021AB84 /* UIViewExtensions.swift in Sources */ = {isa = PBXBuildFile; fileRef = 072F7A941E11DDDD0021AB84 /* UIViewExtensions.swift */; };
		072F7ABD1E11DDDD0021AB84 /* SwifterSwift.h in Headers */ = {isa = PBXBuildFile; fileRef = 072F7A961E11DDDD0021AB84 /* SwifterSwift.h */; settings = {ATTRIBUTES = (Public, ); }; };
		07445BC21E11D1EF000E9A85 /* ArrayExtensionsTests.swift in Sources */ = {isa = PBXBuildFile; fileRef = 07445BB61E11D1EF000E9A85 /* ArrayExtensionsTests.swift */; };
		07445BC31E11D1EF000E9A85 /* CGFloatExtensionsTests.swift in Sources */ = {isa = PBXBuildFile; fileRef = 07445BB71E11D1EF000E9A85 /* CGFloatExtensionsTests.swift */; };
		07445BC41E11D1EF000E9A85 /* CGSizeExtensionsTests.swift in Sources */ = {isa = PBXBuildFile; fileRef = 07445BB81E11D1EF000E9A85 /* CGSizeExtensionsTests.swift */; };
		07445BC51E11D1EF000E9A85 /* CharacterExtensionsTests.swift in Sources */ = {isa = PBXBuildFile; fileRef = 07445BB91E11D1EF000E9A85 /* CharacterExtensionsTests.swift */; };
		07445BC61E11D1EF000E9A85 /* DateExtensionsTests.swift in Sources */ = {isa = PBXBuildFile; fileRef = 07445BBA1E11D1EF000E9A85 /* DateExtensionsTests.swift */; };
		07445BC71E11D1EF000E9A85 /* DictionaryExtensionsTests.swift in Sources */ = {isa = PBXBuildFile; fileRef = 07445BBB1E11D1EF000E9A85 /* DictionaryExtensionsTests.swift */; };
		07445BC81E11D1EF000E9A85 /* DoubleExtensionsTests.swift in Sources */ = {isa = PBXBuildFile; fileRef = 07445BBC1E11D1EF000E9A85 /* DoubleExtensionsTests.swift */; };
		07445BC91E11D1EF000E9A85 /* FloatExtensionsTests.swift in Sources */ = {isa = PBXBuildFile; fileRef = 07445BBD1E11D1EF000E9A85 /* FloatExtensionsTests.swift */; };
		07445BCB1E11D1EF000E9A85 /* IntExtensionsTests.swift in Sources */ = {isa = PBXBuildFile; fileRef = 07445BBF1E11D1EF000E9A85 /* IntExtensionsTests.swift */; };
		07445BCC1E11D1EF000E9A85 /* StringExtensionsTests.swift in Sources */ = {isa = PBXBuildFile; fileRef = 07445BC01E11D1EF000E9A85 /* StringExtensionsTests.swift */; };
		07445BCD1E11D1EF000E9A85 /* SwifterSwiftTests.swift in Sources */ = {isa = PBXBuildFile; fileRef = 07445BC11E11D1EF000E9A85 /* SwifterSwiftTests.swift */; };
		077805591E11D0FD000A21C6 /* SwifterSwift.framework in Frameworks */ = {isa = PBXBuildFile; fileRef = 0778054F1E11D0FC000A21C6 /* SwifterSwift.framework */; };
		6E4933561E25093B00210167 /* ArrayExtensions.swift in Sources */ = {isa = PBXBuildFile; fileRef = 072F7A6F1E11DDDD0021AB84 /* ArrayExtensions.swift */; };
		6E4933571E25093B00210167 /* BoolExtensions.swift in Sources */ = {isa = PBXBuildFile; fileRef = 072F7A701E11DDDD0021AB84 /* BoolExtensions.swift */; };
		6E4933581E25093B00210167 /* CharacterExtensions.swift in Sources */ = {isa = PBXBuildFile; fileRef = 072F7A711E11DDDD0021AB84 /* CharacterExtensions.swift */; };
		6E4933591E25093B00210167 /* CollectionExtensions.swift in Sources */ = {isa = PBXBuildFile; fileRef = 072F7A721E11DDDD0021AB84 /* CollectionExtensions.swift */; };
		6E49335A1E25093B00210167 /* DataExtensions.swift in Sources */ = {isa = PBXBuildFile; fileRef = 072F7A731E11DDDD0021AB84 /* DataExtensions.swift */; };
		6E49335B1E25093B00210167 /* DateExtensions.swift in Sources */ = {isa = PBXBuildFile; fileRef = 072F7A741E11DDDD0021AB84 /* DateExtensions.swift */; };
		6E49335C1E25093B00210167 /* DictionaryExtensions.swift in Sources */ = {isa = PBXBuildFile; fileRef = 072F7A751E11DDDD0021AB84 /* DictionaryExtensions.swift */; };
		6E49335D1E25093B00210167 /* DoubleExtensions.swift in Sources */ = {isa = PBXBuildFile; fileRef = 072F7A761E11DDDD0021AB84 /* DoubleExtensions.swift */; };
		6E49335E1E25093B00210167 /* FloatExtensions.swift in Sources */ = {isa = PBXBuildFile; fileRef = 072F7A771E11DDDD0021AB84 /* FloatExtensions.swift */; };
		6E49335F1E25093B00210167 /* IntExtensions.swift in Sources */ = {isa = PBXBuildFile; fileRef = 072F7A781E11DDDD0021AB84 /* IntExtensions.swift */; };
		6E4933601E25093B00210167 /* StringExtensions.swift in Sources */ = {isa = PBXBuildFile; fileRef = 072F7A791E11DDDD0021AB84 /* StringExtensions.swift */; };
		6E4933621E25094100210167 /* CGFloatExtensions.swift in Sources */ = {isa = PBXBuildFile; fileRef = 072F7A7C1E11DDDD0021AB84 /* CGFloatExtensions.swift */; };
		6E4933631E25094100210167 /* CGPointExtensions.swift in Sources */ = {isa = PBXBuildFile; fileRef = 072F7A7D1E11DDDD0021AB84 /* CGPointExtensions.swift */; };
		6E4933641E25094100210167 /* CGSizeExtensions.swift in Sources */ = {isa = PBXBuildFile; fileRef = 072F7A7E1E11DDDD0021AB84 /* CGSizeExtensions.swift */; };
		6E4933651E25094100210167 /* NSAttributedStringExtensions.swift in Sources */ = {isa = PBXBuildFile; fileRef = 072F7A7F1E11DDDD0021AB84 /* NSAttributedStringExtensions.swift */; };
		6E49336A1E25094100210167 /* UIColorExtensions.swift in Sources */ = {isa = PBXBuildFile; fileRef = 072F7A841E11DDDD0021AB84 /* UIColorExtensions.swift */; };
		6E49336B1E25094100210167 /* UIImageExtensions.swift in Sources */ = {isa = PBXBuildFile; fileRef = 072F7A851E11DDDD0021AB84 /* UIImageExtensions.swift */; };
		6E4933731E25094100210167 /* UISliderExtensions.swift in Sources */ = {isa = PBXBuildFile; fileRef = 072F7A8D1E11DDDD0021AB84 /* UISliderExtensions.swift */; };
		6E4933741E25094100210167 /* UISwitchExtensions.swift in Sources */ = {isa = PBXBuildFile; fileRef = 072F7A8E1E11DDDD0021AB84 /* UISwitchExtensions.swift */; };
		6EBD19E71E23E444002186D3 /* SwifterSwift.framework in Frameworks */ = {isa = PBXBuildFile; fileRef = 6EBD19DE1E23E444002186D3 /* SwifterSwift.framework */; };
		6EBD19F51E23E49B002186D3 /* ArrayExtensionsTests.swift in Sources */ = {isa = PBXBuildFile; fileRef = 07445BB61E11D1EF000E9A85 /* ArrayExtensionsTests.swift */; };
		6EBD19F61E23E49E002186D3 /* CGFloatExtensionsTests.swift in Sources */ = {isa = PBXBuildFile; fileRef = 07445BB71E11D1EF000E9A85 /* CGFloatExtensionsTests.swift */; };
		6EBD19F71E23E4A1002186D3 /* CGSizeExtensionsTests.swift in Sources */ = {isa = PBXBuildFile; fileRef = 07445BB81E11D1EF000E9A85 /* CGSizeExtensionsTests.swift */; };
		6EBD19F81E23E4A5002186D3 /* CharacterExtensionsTests.swift in Sources */ = {isa = PBXBuildFile; fileRef = 07445BB91E11D1EF000E9A85 /* CharacterExtensionsTests.swift */; };
		6EBD19F91E23E4A5002186D3 /* DateExtensionsTests.swift in Sources */ = {isa = PBXBuildFile; fileRef = 07445BBA1E11D1EF000E9A85 /* DateExtensionsTests.swift */; };
		6EBD19FA1E23E4A5002186D3 /* DictionaryExtensionsTests.swift in Sources */ = {isa = PBXBuildFile; fileRef = 07445BBB1E11D1EF000E9A85 /* DictionaryExtensionsTests.swift */; };
		6EBD19FB1E23E4A5002186D3 /* DoubleExtensionsTests.swift in Sources */ = {isa = PBXBuildFile; fileRef = 07445BBC1E11D1EF000E9A85 /* DoubleExtensionsTests.swift */; };
		6EBD19FC1E23E4A5002186D3 /* FloatExtensionsTests.swift in Sources */ = {isa = PBXBuildFile; fileRef = 07445BBD1E11D1EF000E9A85 /* FloatExtensionsTests.swift */; };
		6EBD19FE1E23E4A5002186D3 /* IntExtensionsTests.swift in Sources */ = {isa = PBXBuildFile; fileRef = 07445BBF1E11D1EF000E9A85 /* IntExtensionsTests.swift */; };
		6EBD19FF1E23E4A5002186D3 /* StringExtensionsTests.swift in Sources */ = {isa = PBXBuildFile; fileRef = 07445BC01E11D1EF000E9A85 /* StringExtensionsTests.swift */; };
		6EBD1A001E23E4A5002186D3 /* SwifterSwiftTests.swift in Sources */ = {isa = PBXBuildFile; fileRef = 07445BC11E11D1EF000E9A85 /* SwifterSwiftTests.swift */; };
		6EBD1A011E23E4A9002186D3 /* SwifterSwift.h in Headers */ = {isa = PBXBuildFile; fileRef = 072F7A961E11DDDD0021AB84 /* SwifterSwift.h */; settings = {ATTRIBUTES = (Public, ); }; };
		6EBD1A031E23E4B3002186D3 /* ArrayExtensions.swift in Sources */ = {isa = PBXBuildFile; fileRef = 072F7A6F1E11DDDD0021AB84 /* ArrayExtensions.swift */; };
		6EBD1A041E23E4B3002186D3 /* BoolExtensions.swift in Sources */ = {isa = PBXBuildFile; fileRef = 072F7A701E11DDDD0021AB84 /* BoolExtensions.swift */; };
		6EBD1A051E23E4B3002186D3 /* CharacterExtensions.swift in Sources */ = {isa = PBXBuildFile; fileRef = 072F7A711E11DDDD0021AB84 /* CharacterExtensions.swift */; };
		6EBD1A061E23E4B3002186D3 /* CollectionExtensions.swift in Sources */ = {isa = PBXBuildFile; fileRef = 072F7A721E11DDDD0021AB84 /* CollectionExtensions.swift */; };
		6EBD1A071E23E4B3002186D3 /* DataExtensions.swift in Sources */ = {isa = PBXBuildFile; fileRef = 072F7A731E11DDDD0021AB84 /* DataExtensions.swift */; };
		6EBD1A081E23E4B3002186D3 /* DateExtensions.swift in Sources */ = {isa = PBXBuildFile; fileRef = 072F7A741E11DDDD0021AB84 /* DateExtensions.swift */; };
		6EBD1A091E23E4B3002186D3 /* DictionaryExtensions.swift in Sources */ = {isa = PBXBuildFile; fileRef = 072F7A751E11DDDD0021AB84 /* DictionaryExtensions.swift */; };
		6EBD1A0A1E23E4B3002186D3 /* DoubleExtensions.swift in Sources */ = {isa = PBXBuildFile; fileRef = 072F7A761E11DDDD0021AB84 /* DoubleExtensions.swift */; };
		6EBD1A0B1E23E4B3002186D3 /* FloatExtensions.swift in Sources */ = {isa = PBXBuildFile; fileRef = 072F7A771E11DDDD0021AB84 /* FloatExtensions.swift */; };
		6EBD1A0C1E23E4B3002186D3 /* IntExtensions.swift in Sources */ = {isa = PBXBuildFile; fileRef = 072F7A781E11DDDD0021AB84 /* IntExtensions.swift */; };
		6EBD1A0D1E23E4B3002186D3 /* StringExtensions.swift in Sources */ = {isa = PBXBuildFile; fileRef = 072F7A791E11DDDD0021AB84 /* StringExtensions.swift */; };
		6EBD1A0E1E23E4B3002186D3 /* SwifterSwift.swift in Sources */ = {isa = PBXBuildFile; fileRef = 072F7A7A1E11DDDD0021AB84 /* SwifterSwift.swift */; };
		6EBD1A0F1E23EDA8002186D3 /* CGFloatExtensions.swift in Sources */ = {isa = PBXBuildFile; fileRef = 072F7A7C1E11DDDD0021AB84 /* CGFloatExtensions.swift */; };
		6EBD1A101E23EDAB002186D3 /* CGPointExtensions.swift in Sources */ = {isa = PBXBuildFile; fileRef = 072F7A7D1E11DDDD0021AB84 /* CGPointExtensions.swift */; };
		6EBD1A111E23EDAE002186D3 /* CGSizeExtensions.swift in Sources */ = {isa = PBXBuildFile; fileRef = 072F7A7E1E11DDDD0021AB84 /* CGSizeExtensions.swift */; };
		6EBD1A121E23EDB0002186D3 /* NSAttributedStringExtensions.swift in Sources */ = {isa = PBXBuildFile; fileRef = 072F7A7F1E11DDDD0021AB84 /* NSAttributedStringExtensions.swift */; };
		6EBD1A131E23EDB2002186D3 /* UIAlertControllerExtensions.swift in Sources */ = {isa = PBXBuildFile; fileRef = 072F7A801E11DDDD0021AB84 /* UIAlertControllerExtensions.swift */; };
		6EBD1A141E23EDB4002186D3 /* UIBarButtonItemExtensions.swift in Sources */ = {isa = PBXBuildFile; fileRef = 072F7A811E11DDDD0021AB84 /* UIBarButtonItemExtensions.swift */; };
		6EBD1A151E23EDB6002186D3 /* UIButtonExtensions.swift in Sources */ = {isa = PBXBuildFile; fileRef = 072F7A821E11DDDD0021AB84 /* UIButtonExtensions.swift */; };
		6EBD1A161E23EDC1002186D3 /* UICollectionViewExtensions.swift in Sources */ = {isa = PBXBuildFile; fileRef = 072F7A831E11DDDD0021AB84 /* UICollectionViewExtensions.swift */; };
		6EBD1A171E23EDC3002186D3 /* UIColorExtensions.swift in Sources */ = {isa = PBXBuildFile; fileRef = 072F7A841E11DDDD0021AB84 /* UIColorExtensions.swift */; };
		6EBD1A181E23EDC6002186D3 /* UIImageExtensions.swift in Sources */ = {isa = PBXBuildFile; fileRef = 072F7A851E11DDDD0021AB84 /* UIImageExtensions.swift */; };
		6EBD1A191E23EDCB002186D3 /* UIImageViewExtensions.swift in Sources */ = {isa = PBXBuildFile; fileRef = 072F7A861E11DDDD0021AB84 /* UIImageViewExtensions.swift */; };
		6EBD1A1A1E23EDCB002186D3 /* UILabelExtensions.swift in Sources */ = {isa = PBXBuildFile; fileRef = 072F7A871E11DDDD0021AB84 /* UILabelExtensions.swift */; };
		6EBD1A1B1E23EDCB002186D3 /* UINavigationBarExtensions.swift in Sources */ = {isa = PBXBuildFile; fileRef = 072F7A881E11DDDD0021AB84 /* UINavigationBarExtensions.swift */; };
		6EBD1A1C1E23EDCB002186D3 /* UINavigationControllerExtensions.swift in Sources */ = {isa = PBXBuildFile; fileRef = 072F7A891E11DDDD0021AB84 /* UINavigationControllerExtensions.swift */; };
		6EBD1A1D1E23EDCB002186D3 /* UINavigationItemExtensions.swift in Sources */ = {isa = PBXBuildFile; fileRef = 072F7A8A1E11DDDD0021AB84 /* UINavigationItemExtensions.swift */; };
		6EBD1A1E1E23EDCB002186D3 /* UISearchBarExtensions.swift in Sources */ = {isa = PBXBuildFile; fileRef = 072F7A8B1E11DDDD0021AB84 /* UISearchBarExtensions.swift */; };
		6EBD1A1F1E23EDCB002186D3 /* UISegmentedControlExtensions.swift in Sources */ = {isa = PBXBuildFile; fileRef = 072F7A8C1E11DDDD0021AB84 /* UISegmentedControlExtensions.swift */; };
		6EBD1A221E23EDCB002186D3 /* UITabBarExtensions.swift in Sources */ = {isa = PBXBuildFile; fileRef = 072F7A8F1E11DDDD0021AB84 /* UITabBarExtensions.swift */; };
		6EBD1A231E23EDCB002186D3 /* UITableViewExtensions.swift in Sources */ = {isa = PBXBuildFile; fileRef = 072F7A901E11DDDD0021AB84 /* UITableViewExtensions.swift */; };
		6EBD1A241E23EDCB002186D3 /* UITextFieldExtensions.swift in Sources */ = {isa = PBXBuildFile; fileRef = 072F7A911E11DDDD0021AB84 /* UITextFieldExtensions.swift */; };
		6EBD1A251E23EDCB002186D3 /* UITextViewExtensions.swift in Sources */ = {isa = PBXBuildFile; fileRef = 072F7A921E11DDDD0021AB84 /* UITextViewExtensions.swift */; };
		6EBD1A261E23EDCB002186D3 /* UIViewControllerExtensions.swift in Sources */ = {isa = PBXBuildFile; fileRef = 072F7A931E11DDDD0021AB84 /* UIViewControllerExtensions.swift */; };
		6EBD1A271E23EDCB002186D3 /* UIViewExtensions.swift in Sources */ = {isa = PBXBuildFile; fileRef = 072F7A941E11DDDD0021AB84 /* UIViewExtensions.swift */; };
		6EF946991E263C4E0061AEFC /* SwifterSwift.framework in Frameworks */ = {isa = PBXBuildFile; fileRef = 6EF946901E263C4D0061AEFC /* SwifterSwift.framework */; };
		6EF946A71E263D860061AEFC /* ArrayExtensionsTests.swift in Sources */ = {isa = PBXBuildFile; fileRef = 07445BB61E11D1EF000E9A85 /* ArrayExtensionsTests.swift */; };
		6EF946A81E263D860061AEFC /* CGFloatExtensionsTests.swift in Sources */ = {isa = PBXBuildFile; fileRef = 07445BB71E11D1EF000E9A85 /* CGFloatExtensionsTests.swift */; };
		6EF946A91E263D860061AEFC /* CGSizeExtensionsTests.swift in Sources */ = {isa = PBXBuildFile; fileRef = 07445BB81E11D1EF000E9A85 /* CGSizeExtensionsTests.swift */; };
		6EF946AA1E263D860061AEFC /* CharacterExtensionsTests.swift in Sources */ = {isa = PBXBuildFile; fileRef = 07445BB91E11D1EF000E9A85 /* CharacterExtensionsTests.swift */; };
		6EF946AB1E263D860061AEFC /* DateExtensionsTests.swift in Sources */ = {isa = PBXBuildFile; fileRef = 07445BBA1E11D1EF000E9A85 /* DateExtensionsTests.swift */; };
		6EF946AC1E263D860061AEFC /* DictionaryExtensionsTests.swift in Sources */ = {isa = PBXBuildFile; fileRef = 07445BBB1E11D1EF000E9A85 /* DictionaryExtensionsTests.swift */; };
		6EF946AD1E263D860061AEFC /* DoubleExtensionsTests.swift in Sources */ = {isa = PBXBuildFile; fileRef = 07445BBC1E11D1EF000E9A85 /* DoubleExtensionsTests.swift */; };
		6EF946AE1E263D860061AEFC /* FloatExtensionsTests.swift in Sources */ = {isa = PBXBuildFile; fileRef = 07445BBD1E11D1EF000E9A85 /* FloatExtensionsTests.swift */; };
		6EF946B01E263D860061AEFC /* IntExtensionsTests.swift in Sources */ = {isa = PBXBuildFile; fileRef = 07445BBF1E11D1EF000E9A85 /* IntExtensionsTests.swift */; };
		6EF946B11E263D860061AEFC /* StringExtensionsTests.swift in Sources */ = {isa = PBXBuildFile; fileRef = 07445BC01E11D1EF000E9A85 /* StringExtensionsTests.swift */; };
		6EF946B21E263D860061AEFC /* SwifterSwiftTests.swift in Sources */ = {isa = PBXBuildFile; fileRef = 07445BC11E11D1EF000E9A85 /* SwifterSwiftTests.swift */; };
		6EF946B31E263D910061AEFC /* ArrayExtensions.swift in Sources */ = {isa = PBXBuildFile; fileRef = 072F7A6F1E11DDDD0021AB84 /* ArrayExtensions.swift */; };
		6EF946B41E263D910061AEFC /* BoolExtensions.swift in Sources */ = {isa = PBXBuildFile; fileRef = 072F7A701E11DDDD0021AB84 /* BoolExtensions.swift */; };
		6EF946B51E263D910061AEFC /* CharacterExtensions.swift in Sources */ = {isa = PBXBuildFile; fileRef = 072F7A711E11DDDD0021AB84 /* CharacterExtensions.swift */; };
		6EF946B61E263D910061AEFC /* CollectionExtensions.swift in Sources */ = {isa = PBXBuildFile; fileRef = 072F7A721E11DDDD0021AB84 /* CollectionExtensions.swift */; };
		6EF946B71E263D910061AEFC /* DataExtensions.swift in Sources */ = {isa = PBXBuildFile; fileRef = 072F7A731E11DDDD0021AB84 /* DataExtensions.swift */; };
		6EF946B81E263D910061AEFC /* DateExtensions.swift in Sources */ = {isa = PBXBuildFile; fileRef = 072F7A741E11DDDD0021AB84 /* DateExtensions.swift */; };
		6EF946B91E263D910061AEFC /* DictionaryExtensions.swift in Sources */ = {isa = PBXBuildFile; fileRef = 072F7A751E11DDDD0021AB84 /* DictionaryExtensions.swift */; };
		6EF946BA1E263D910061AEFC /* DoubleExtensions.swift in Sources */ = {isa = PBXBuildFile; fileRef = 072F7A761E11DDDD0021AB84 /* DoubleExtensions.swift */; };
		6EF946BB1E263D910061AEFC /* FloatExtensions.swift in Sources */ = {isa = PBXBuildFile; fileRef = 072F7A771E11DDDD0021AB84 /* FloatExtensions.swift */; };
		6EF946BC1E263D910061AEFC /* IntExtensions.swift in Sources */ = {isa = PBXBuildFile; fileRef = 072F7A781E11DDDD0021AB84 /* IntExtensions.swift */; };
		6EF946BD1E263D910061AEFC /* StringExtensions.swift in Sources */ = {isa = PBXBuildFile; fileRef = 072F7A791E11DDDD0021AB84 /* StringExtensions.swift */; };
		6EF946BE1E263D910061AEFC /* SwifterSwift.swift in Sources */ = {isa = PBXBuildFile; fileRef = 072F7A7A1E11DDDD0021AB84 /* SwifterSwift.swift */; };
		6EF946BF1E263D9A0061AEFC /* CGFloatExtensions.swift in Sources */ = {isa = PBXBuildFile; fileRef = 072F7A7C1E11DDDD0021AB84 /* CGFloatExtensions.swift */; };
		6EF946C01E263D9A0061AEFC /* CGPointExtensions.swift in Sources */ = {isa = PBXBuildFile; fileRef = 072F7A7D1E11DDDD0021AB84 /* CGPointExtensions.swift */; };
		6EF946C11E263D9A0061AEFC /* CGSizeExtensions.swift in Sources */ = {isa = PBXBuildFile; fileRef = 072F7A7E1E11DDDD0021AB84 /* CGSizeExtensions.swift */; };
		6EF946C21E263D9A0061AEFC /* NSAttributedStringExtensions.swift in Sources */ = {isa = PBXBuildFile; fileRef = 072F7A7F1E11DDDD0021AB84 /* NSAttributedStringExtensions.swift */; };
		6EF946C31E263D9A0061AEFC /* UIAlertControllerExtensions.swift in Sources */ = {isa = PBXBuildFile; fileRef = 072F7A801E11DDDD0021AB84 /* UIAlertControllerExtensions.swift */; };
		6EF946C41E263D9A0061AEFC /* UIBarButtonItemExtensions.swift in Sources */ = {isa = PBXBuildFile; fileRef = 072F7A811E11DDDD0021AB84 /* UIBarButtonItemExtensions.swift */; };
		6EF946C51E263D9A0061AEFC /* UIButtonExtensions.swift in Sources */ = {isa = PBXBuildFile; fileRef = 072F7A821E11DDDD0021AB84 /* UIButtonExtensions.swift */; };
		6EF946C61E263D9A0061AEFC /* UICollectionViewExtensions.swift in Sources */ = {isa = PBXBuildFile; fileRef = 072F7A831E11DDDD0021AB84 /* UICollectionViewExtensions.swift */; };
		6EF946C71E263D9A0061AEFC /* UIColorExtensions.swift in Sources */ = {isa = PBXBuildFile; fileRef = 072F7A841E11DDDD0021AB84 /* UIColorExtensions.swift */; };
		6EF946C81E263D9A0061AEFC /* UIImageExtensions.swift in Sources */ = {isa = PBXBuildFile; fileRef = 072F7A851E11DDDD0021AB84 /* UIImageExtensions.swift */; };
		6EF946C91E263D9A0061AEFC /* UIImageViewExtensions.swift in Sources */ = {isa = PBXBuildFile; fileRef = 072F7A861E11DDDD0021AB84 /* UIImageViewExtensions.swift */; };
		6EF946CA1E263D9A0061AEFC /* UILabelExtensions.swift in Sources */ = {isa = PBXBuildFile; fileRef = 072F7A871E11DDDD0021AB84 /* UILabelExtensions.swift */; };
		6EF946CB1E263D9A0061AEFC /* UINavigationBarExtensions.swift in Sources */ = {isa = PBXBuildFile; fileRef = 072F7A881E11DDDD0021AB84 /* UINavigationBarExtensions.swift */; };
		6EF946CC1E263D9A0061AEFC /* UINavigationControllerExtensions.swift in Sources */ = {isa = PBXBuildFile; fileRef = 072F7A891E11DDDD0021AB84 /* UINavigationControllerExtensions.swift */; };
		6EF946CD1E263D9A0061AEFC /* UINavigationItemExtensions.swift in Sources */ = {isa = PBXBuildFile; fileRef = 072F7A8A1E11DDDD0021AB84 /* UINavigationItemExtensions.swift */; };
		6EF946CE1E263D9A0061AEFC /* UISearchBarExtensions.swift in Sources */ = {isa = PBXBuildFile; fileRef = 072F7A8B1E11DDDD0021AB84 /* UISearchBarExtensions.swift */; };
		6EF946CF1E263D9A0061AEFC /* UISegmentedControlExtensions.swift in Sources */ = {isa = PBXBuildFile; fileRef = 072F7A8C1E11DDDD0021AB84 /* UISegmentedControlExtensions.swift */; };
		6EF946D01E263D9A0061AEFC /* UISliderExtensions.swift in Sources */ = {isa = PBXBuildFile; fileRef = 072F7A8D1E11DDDD0021AB84 /* UISliderExtensions.swift */; };
		6EF946D11E263D9A0061AEFC /* UISwitchExtensions.swift in Sources */ = {isa = PBXBuildFile; fileRef = 072F7A8E1E11DDDD0021AB84 /* UISwitchExtensions.swift */; };
		6EF946D21E263D9A0061AEFC /* UITabBarExtensions.swift in Sources */ = {isa = PBXBuildFile; fileRef = 072F7A8F1E11DDDD0021AB84 /* UITabBarExtensions.swift */; };
		6EF946D31E263D9A0061AEFC /* UITableViewExtensions.swift in Sources */ = {isa = PBXBuildFile; fileRef = 072F7A901E11DDDD0021AB84 /* UITableViewExtensions.swift */; };
		6EF946D41E263D9A0061AEFC /* UITextFieldExtensions.swift in Sources */ = {isa = PBXBuildFile; fileRef = 072F7A911E11DDDD0021AB84 /* UITextFieldExtensions.swift */; };
		6EF946D51E263D9A0061AEFC /* UITextViewExtensions.swift in Sources */ = {isa = PBXBuildFile; fileRef = 072F7A921E11DDDD0021AB84 /* UITextViewExtensions.swift */; };
		6EF946D61E263D9A0061AEFC /* UIViewControllerExtensions.swift in Sources */ = {isa = PBXBuildFile; fileRef = 072F7A931E11DDDD0021AB84 /* UIViewControllerExtensions.swift */; };
		6EF946D71E263D9A0061AEFC /* UIViewExtensions.swift in Sources */ = {isa = PBXBuildFile; fileRef = 072F7A941E11DDDD0021AB84 /* UIViewExtensions.swift */; };
		6EF946D81E263DC80061AEFC /* SwifterSwift.h in Headers */ = {isa = PBXBuildFile; fileRef = 072F7A961E11DDDD0021AB84 /* SwifterSwift.h */; settings = {ATTRIBUTES = (Public, ); }; };
		6EF946D91E263DCA0061AEFC /* SwifterSwift.h in Headers */ = {isa = PBXBuildFile; fileRef = 072F7A961E11DDDD0021AB84 /* SwifterSwift.h */; settings = {ATTRIBUTES = (Public, ); }; };
/* End PBXBuildFile section */

/* Begin PBXContainerItemProxy section */
		0778055A1E11D0FD000A21C6 /* PBXContainerItemProxy */ = {
			isa = PBXContainerItemProxy;
			containerPortal = 077805461E11D0FC000A21C6 /* Project object */;
			proxyType = 1;
			remoteGlobalIDString = 0778054E1E11D0FC000A21C6;
			remoteInfo = SwifterSwift;
		};
		6EBD19E81E23E444002186D3 /* PBXContainerItemProxy */ = {
			isa = PBXContainerItemProxy;
			containerPortal = 077805461E11D0FC000A21C6 /* Project object */;
			proxyType = 1;
			remoteGlobalIDString = 6EBD19DD1E23E444002186D3;
			remoteInfo = "SwifterSwift tvOS";
		};
		6EF9469A1E263C4E0061AEFC /* PBXContainerItemProxy */ = {
			isa = PBXContainerItemProxy;
			containerPortal = 077805461E11D0FC000A21C6 /* Project object */;
			proxyType = 1;
			remoteGlobalIDString = 6EF9468F1E263C4D0061AEFC;
			remoteInfo = "SwifterSwift macOS";
		};
/* End PBXContainerItemProxy section */

/* Begin PBXFileReference section */
		072F7A6F1E11DDDD0021AB84 /* ArrayExtensions.swift */ = {isa = PBXFileReference; fileEncoding = 4; lastKnownFileType = sourcecode.swift; path = ArrayExtensions.swift; sourceTree = "<group>"; };
		072F7A701E11DDDD0021AB84 /* BoolExtensions.swift */ = {isa = PBXFileReference; fileEncoding = 4; lastKnownFileType = sourcecode.swift; path = BoolExtensions.swift; sourceTree = "<group>"; };
		072F7A711E11DDDD0021AB84 /* CharacterExtensions.swift */ = {isa = PBXFileReference; fileEncoding = 4; lastKnownFileType = sourcecode.swift; path = CharacterExtensions.swift; sourceTree = "<group>"; };
		072F7A721E11DDDD0021AB84 /* CollectionExtensions.swift */ = {isa = PBXFileReference; fileEncoding = 4; lastKnownFileType = sourcecode.swift; path = CollectionExtensions.swift; sourceTree = "<group>"; };
		072F7A731E11DDDD0021AB84 /* DataExtensions.swift */ = {isa = PBXFileReference; fileEncoding = 4; lastKnownFileType = sourcecode.swift; path = DataExtensions.swift; sourceTree = "<group>"; };
		072F7A741E11DDDD0021AB84 /* DateExtensions.swift */ = {isa = PBXFileReference; fileEncoding = 4; lastKnownFileType = sourcecode.swift; path = DateExtensions.swift; sourceTree = "<group>"; };
		072F7A751E11DDDD0021AB84 /* DictionaryExtensions.swift */ = {isa = PBXFileReference; fileEncoding = 4; lastKnownFileType = sourcecode.swift; path = DictionaryExtensions.swift; sourceTree = "<group>"; };
		072F7A761E11DDDD0021AB84 /* DoubleExtensions.swift */ = {isa = PBXFileReference; fileEncoding = 4; lastKnownFileType = sourcecode.swift; path = DoubleExtensions.swift; sourceTree = "<group>"; };
		072F7A771E11DDDD0021AB84 /* FloatExtensions.swift */ = {isa = PBXFileReference; fileEncoding = 4; lastKnownFileType = sourcecode.swift; path = FloatExtensions.swift; sourceTree = "<group>"; };
		072F7A781E11DDDD0021AB84 /* IntExtensions.swift */ = {isa = PBXFileReference; fileEncoding = 4; lastKnownFileType = sourcecode.swift; path = IntExtensions.swift; sourceTree = "<group>"; };
		072F7A791E11DDDD0021AB84 /* StringExtensions.swift */ = {isa = PBXFileReference; fileEncoding = 4; lastKnownFileType = sourcecode.swift; path = StringExtensions.swift; sourceTree = "<group>"; };
		072F7A7A1E11DDDD0021AB84 /* SwifterSwift.swift */ = {isa = PBXFileReference; fileEncoding = 4; lastKnownFileType = sourcecode.swift; path = SwifterSwift.swift; sourceTree = "<group>"; };
		072F7A7C1E11DDDD0021AB84 /* CGFloatExtensions.swift */ = {isa = PBXFileReference; fileEncoding = 4; lastKnownFileType = sourcecode.swift; path = CGFloatExtensions.swift; sourceTree = "<group>"; };
		072F7A7D1E11DDDD0021AB84 /* CGPointExtensions.swift */ = {isa = PBXFileReference; fileEncoding = 4; lastKnownFileType = sourcecode.swift; path = CGPointExtensions.swift; sourceTree = "<group>"; };
		072F7A7E1E11DDDD0021AB84 /* CGSizeExtensions.swift */ = {isa = PBXFileReference; fileEncoding = 4; lastKnownFileType = sourcecode.swift; path = CGSizeExtensions.swift; sourceTree = "<group>"; };
		072F7A7F1E11DDDD0021AB84 /* NSAttributedStringExtensions.swift */ = {isa = PBXFileReference; fileEncoding = 4; lastKnownFileType = sourcecode.swift; path = NSAttributedStringExtensions.swift; sourceTree = "<group>"; };
		072F7A801E11DDDD0021AB84 /* UIAlertControllerExtensions.swift */ = {isa = PBXFileReference; fileEncoding = 4; lastKnownFileType = sourcecode.swift; path = UIAlertControllerExtensions.swift; sourceTree = "<group>"; };
		072F7A811E11DDDD0021AB84 /* UIBarButtonItemExtensions.swift */ = {isa = PBXFileReference; fileEncoding = 4; lastKnownFileType = sourcecode.swift; path = UIBarButtonItemExtensions.swift; sourceTree = "<group>"; };
		072F7A821E11DDDD0021AB84 /* UIButtonExtensions.swift */ = {isa = PBXFileReference; fileEncoding = 4; lastKnownFileType = sourcecode.swift; path = UIButtonExtensions.swift; sourceTree = "<group>"; };
		072F7A831E11DDDD0021AB84 /* UICollectionViewExtensions.swift */ = {isa = PBXFileReference; fileEncoding = 4; lastKnownFileType = sourcecode.swift; path = UICollectionViewExtensions.swift; sourceTree = "<group>"; };
		072F7A841E11DDDD0021AB84 /* UIColorExtensions.swift */ = {isa = PBXFileReference; fileEncoding = 4; lastKnownFileType = sourcecode.swift; path = UIColorExtensions.swift; sourceTree = "<group>"; };
		072F7A851E11DDDD0021AB84 /* UIImageExtensions.swift */ = {isa = PBXFileReference; fileEncoding = 4; lastKnownFileType = sourcecode.swift; path = UIImageExtensions.swift; sourceTree = "<group>"; };
		072F7A861E11DDDD0021AB84 /* UIImageViewExtensions.swift */ = {isa = PBXFileReference; fileEncoding = 4; lastKnownFileType = sourcecode.swift; path = UIImageViewExtensions.swift; sourceTree = "<group>"; };
		072F7A871E11DDDD0021AB84 /* UILabelExtensions.swift */ = {isa = PBXFileReference; fileEncoding = 4; lastKnownFileType = sourcecode.swift; path = UILabelExtensions.swift; sourceTree = "<group>"; };
		072F7A881E11DDDD0021AB84 /* UINavigationBarExtensions.swift */ = {isa = PBXFileReference; fileEncoding = 4; lastKnownFileType = sourcecode.swift; path = UINavigationBarExtensions.swift; sourceTree = "<group>"; };
		072F7A891E11DDDD0021AB84 /* UINavigationControllerExtensions.swift */ = {isa = PBXFileReference; fileEncoding = 4; lastKnownFileType = sourcecode.swift; path = UINavigationControllerExtensions.swift; sourceTree = "<group>"; };
		072F7A8A1E11DDDD0021AB84 /* UINavigationItemExtensions.swift */ = {isa = PBXFileReference; fileEncoding = 4; lastKnownFileType = sourcecode.swift; path = UINavigationItemExtensions.swift; sourceTree = "<group>"; };
		072F7A8B1E11DDDD0021AB84 /* UISearchBarExtensions.swift */ = {isa = PBXFileReference; fileEncoding = 4; lastKnownFileType = sourcecode.swift; path = UISearchBarExtensions.swift; sourceTree = "<group>"; };
		072F7A8C1E11DDDD0021AB84 /* UISegmentedControlExtensions.swift */ = {isa = PBXFileReference; fileEncoding = 4; lastKnownFileType = sourcecode.swift; path = UISegmentedControlExtensions.swift; sourceTree = "<group>"; };
		072F7A8D1E11DDDD0021AB84 /* UISliderExtensions.swift */ = {isa = PBXFileReference; fileEncoding = 4; lastKnownFileType = sourcecode.swift; path = UISliderExtensions.swift; sourceTree = "<group>"; };
		072F7A8E1E11DDDD0021AB84 /* UISwitchExtensions.swift */ = {isa = PBXFileReference; fileEncoding = 4; lastKnownFileType = sourcecode.swift; path = UISwitchExtensions.swift; sourceTree = "<group>"; };
		072F7A8F1E11DDDD0021AB84 /* UITabBarExtensions.swift */ = {isa = PBXFileReference; fileEncoding = 4; lastKnownFileType = sourcecode.swift; path = UITabBarExtensions.swift; sourceTree = "<group>"; };
		072F7A901E11DDDD0021AB84 /* UITableViewExtensions.swift */ = {isa = PBXFileReference; fileEncoding = 4; lastKnownFileType = sourcecode.swift; path = UITableViewExtensions.swift; sourceTree = "<group>"; };
		072F7A911E11DDDD0021AB84 /* UITextFieldExtensions.swift */ = {isa = PBXFileReference; fileEncoding = 4; lastKnownFileType = sourcecode.swift; path = UITextFieldExtensions.swift; sourceTree = "<group>"; };
		072F7A921E11DDDD0021AB84 /* UITextViewExtensions.swift */ = {isa = PBXFileReference; fileEncoding = 4; lastKnownFileType = sourcecode.swift; path = UITextViewExtensions.swift; sourceTree = "<group>"; };
		072F7A931E11DDDD0021AB84 /* UIViewControllerExtensions.swift */ = {isa = PBXFileReference; fileEncoding = 4; lastKnownFileType = sourcecode.swift; path = UIViewControllerExtensions.swift; sourceTree = "<group>"; };
		072F7A941E11DDDD0021AB84 /* UIViewExtensions.swift */ = {isa = PBXFileReference; fileEncoding = 4; lastKnownFileType = sourcecode.swift; path = UIViewExtensions.swift; sourceTree = "<group>"; };
		072F7A951E11DDDD0021AB84 /* Info.plist */ = {isa = PBXFileReference; fileEncoding = 4; lastKnownFileType = text.plist.xml; name = Info.plist; path = Source/Info.plist; sourceTree = SOURCE_ROOT; };
		072F7A961E11DDDD0021AB84 /* SwifterSwift.h */ = {isa = PBXFileReference; fileEncoding = 4; lastKnownFileType = sourcecode.c.h; name = SwifterSwift.h; path = Source/SwifterSwift.h; sourceTree = SOURCE_ROOT; };
		07445BB61E11D1EF000E9A85 /* ArrayExtensionsTests.swift */ = {isa = PBXFileReference; fileEncoding = 4; lastKnownFileType = sourcecode.swift; path = ArrayExtensionsTests.swift; sourceTree = "<group>"; };
		07445BB71E11D1EF000E9A85 /* CGFloatExtensionsTests.swift */ = {isa = PBXFileReference; fileEncoding = 4; lastKnownFileType = sourcecode.swift; path = CGFloatExtensionsTests.swift; sourceTree = "<group>"; };
		07445BB81E11D1EF000E9A85 /* CGSizeExtensionsTests.swift */ = {isa = PBXFileReference; fileEncoding = 4; lastKnownFileType = sourcecode.swift; path = CGSizeExtensionsTests.swift; sourceTree = "<group>"; };
		07445BB91E11D1EF000E9A85 /* CharacterExtensionsTests.swift */ = {isa = PBXFileReference; fileEncoding = 4; lastKnownFileType = sourcecode.swift; path = CharacterExtensionsTests.swift; sourceTree = "<group>"; };
		07445BBA1E11D1EF000E9A85 /* DateExtensionsTests.swift */ = {isa = PBXFileReference; fileEncoding = 4; lastKnownFileType = sourcecode.swift; path = DateExtensionsTests.swift; sourceTree = "<group>"; };
		07445BBB1E11D1EF000E9A85 /* DictionaryExtensionsTests.swift */ = {isa = PBXFileReference; fileEncoding = 4; lastKnownFileType = sourcecode.swift; path = DictionaryExtensionsTests.swift; sourceTree = "<group>"; };
		07445BBC1E11D1EF000E9A85 /* DoubleExtensionsTests.swift */ = {isa = PBXFileReference; fileEncoding = 4; lastKnownFileType = sourcecode.swift; path = DoubleExtensionsTests.swift; sourceTree = "<group>"; };
		07445BBD1E11D1EF000E9A85 /* FloatExtensionsTests.swift */ = {isa = PBXFileReference; fileEncoding = 4; lastKnownFileType = sourcecode.swift; path = FloatExtensionsTests.swift; sourceTree = "<group>"; };
		07445BBE1E11D1EF000E9A85 /* Info.plist */ = {isa = PBXFileReference; fileEncoding = 4; lastKnownFileType = text.plist.xml; path = Info.plist; sourceTree = "<group>"; };
		07445BBF1E11D1EF000E9A85 /* IntExtensionsTests.swift */ = {isa = PBXFileReference; fileEncoding = 4; lastKnownFileType = sourcecode.swift; path = IntExtensionsTests.swift; sourceTree = "<group>"; };
		07445BC01E11D1EF000E9A85 /* StringExtensionsTests.swift */ = {isa = PBXFileReference; fileEncoding = 4; lastKnownFileType = sourcecode.swift; path = StringExtensionsTests.swift; sourceTree = "<group>"; };
		07445BC11E11D1EF000E9A85 /* SwifterSwiftTests.swift */ = {isa = PBXFileReference; fileEncoding = 4; lastKnownFileType = sourcecode.swift; path = SwifterSwiftTests.swift; sourceTree = "<group>"; };
		0778054F1E11D0FC000A21C6 /* SwifterSwift.framework */ = {isa = PBXFileReference; explicitFileType = wrapper.framework; includeInIndex = 0; path = SwifterSwift.framework; sourceTree = BUILT_PRODUCTS_DIR; };
		077805581E11D0FD000A21C6 /* SwifterSwift iOSTests.xctest */ = {isa = PBXFileReference; explicitFileType = wrapper.cfbundle; includeInIndex = 0; path = "SwifterSwift iOSTests.xctest"; sourceTree = BUILT_PRODUCTS_DIR; };
		6E49334E1E2508C000210167 /* SwifterSwift.framework */ = {isa = PBXFileReference; explicitFileType = wrapper.framework; includeInIndex = 0; path = SwifterSwift.framework; sourceTree = BUILT_PRODUCTS_DIR; };
		6EBD19DE1E23E444002186D3 /* SwifterSwift.framework */ = {isa = PBXFileReference; explicitFileType = wrapper.framework; includeInIndex = 0; path = SwifterSwift.framework; sourceTree = BUILT_PRODUCTS_DIR; };
		6EBD19E61E23E444002186D3 /* SwifterSwift tvOSTests.xctest */ = {isa = PBXFileReference; explicitFileType = wrapper.cfbundle; includeInIndex = 0; path = "SwifterSwift tvOSTests.xctest"; sourceTree = BUILT_PRODUCTS_DIR; };
		6EF946901E263C4D0061AEFC /* SwifterSwift.framework */ = {isa = PBXFileReference; explicitFileType = wrapper.framework; includeInIndex = 0; path = SwifterSwift.framework; sourceTree = BUILT_PRODUCTS_DIR; };
		6EF946981E263C4E0061AEFC /* SwifterSwift macOSTests.xctest */ = {isa = PBXFileReference; explicitFileType = wrapper.cfbundle; includeInIndex = 0; path = "SwifterSwift macOSTests.xctest"; sourceTree = BUILT_PRODUCTS_DIR; };
/* End PBXFileReference section */

/* Begin PBXFrameworksBuildPhase section */
		0778054B1E11D0FC000A21C6 /* Frameworks */ = {
			isa = PBXFrameworksBuildPhase;
			buildActionMask = 2147483647;
			files = (
			);
			runOnlyForDeploymentPostprocessing = 0;
		};
		077805551E11D0FD000A21C6 /* Frameworks */ = {
			isa = PBXFrameworksBuildPhase;
			buildActionMask = 2147483647;
			files = (
				077805591E11D0FD000A21C6 /* SwifterSwift.framework in Frameworks */,
			);
			runOnlyForDeploymentPostprocessing = 0;
		};
		6E49334A1E2508C000210167 /* Frameworks */ = {
			isa = PBXFrameworksBuildPhase;
			buildActionMask = 2147483647;
			files = (
			);
			runOnlyForDeploymentPostprocessing = 0;
		};
		6EBD19DA1E23E444002186D3 /* Frameworks */ = {
			isa = PBXFrameworksBuildPhase;
			buildActionMask = 2147483647;
			files = (
			);
			runOnlyForDeploymentPostprocessing = 0;
		};
		6EBD19E31E23E444002186D3 /* Frameworks */ = {
			isa = PBXFrameworksBuildPhase;
			buildActionMask = 2147483647;
			files = (
				6EBD19E71E23E444002186D3 /* SwifterSwift.framework in Frameworks */,
			);
			runOnlyForDeploymentPostprocessing = 0;
		};
		6EF9468C1E263C4D0061AEFC /* Frameworks */ = {
			isa = PBXFrameworksBuildPhase;
			buildActionMask = 2147483647;
			files = (
			);
			runOnlyForDeploymentPostprocessing = 0;
		};
		6EF946951E263C4E0061AEFC /* Frameworks */ = {
			isa = PBXFrameworksBuildPhase;
			buildActionMask = 2147483647;
			files = (
				6EF946991E263C4E0061AEFC /* SwifterSwift.framework in Frameworks */,
			);
			runOnlyForDeploymentPostprocessing = 0;
		};
/* End PBXFrameworksBuildPhase section */

/* Begin PBXGroup section */
		072F7A6E1E11DDDD0021AB84 /* Extensions */ = {
			isa = PBXGroup;
			children = (
				072F7A6F1E11DDDD0021AB84 /* ArrayExtensions.swift */,
				072F7A701E11DDDD0021AB84 /* BoolExtensions.swift */,
				072F7A711E11DDDD0021AB84 /* CharacterExtensions.swift */,
				072F7A721E11DDDD0021AB84 /* CollectionExtensions.swift */,
				072F7A731E11DDDD0021AB84 /* DataExtensions.swift */,
				072F7A741E11DDDD0021AB84 /* DateExtensions.swift */,
				072F7A751E11DDDD0021AB84 /* DictionaryExtensions.swift */,
				072F7A761E11DDDD0021AB84 /* DoubleExtensions.swift */,
				072F7A771E11DDDD0021AB84 /* FloatExtensions.swift */,
				072F7A781E11DDDD0021AB84 /* IntExtensions.swift */,
				072F7A791E11DDDD0021AB84 /* StringExtensions.swift */,
				072F7A7A1E11DDDD0021AB84 /* SwifterSwift.swift */,
				072F7A7B1E11DDDD0021AB84 /* UI */,
			);
			name = Extensions;
			path = Source/Extensions;
			sourceTree = SOURCE_ROOT;
		};
		072F7A7B1E11DDDD0021AB84 /* UI */ = {
			isa = PBXGroup;
			children = (
				072F7A7C1E11DDDD0021AB84 /* CGFloatExtensions.swift */,
				072F7A7D1E11DDDD0021AB84 /* CGPointExtensions.swift */,
				072F7A7E1E11DDDD0021AB84 /* CGSizeExtensions.swift */,
				072F7A7F1E11DDDD0021AB84 /* NSAttributedStringExtensions.swift */,
				072F7A801E11DDDD0021AB84 /* UIAlertControllerExtensions.swift */,
				072F7A811E11DDDD0021AB84 /* UIBarButtonItemExtensions.swift */,
				072F7A821E11DDDD0021AB84 /* UIButtonExtensions.swift */,
				072F7A831E11DDDD0021AB84 /* UICollectionViewExtensions.swift */,
				072F7A841E11DDDD0021AB84 /* UIColorExtensions.swift */,
				072F7A851E11DDDD0021AB84 /* UIImageExtensions.swift */,
				072F7A861E11DDDD0021AB84 /* UIImageViewExtensions.swift */,
				072F7A871E11DDDD0021AB84 /* UILabelExtensions.swift */,
				072F7A881E11DDDD0021AB84 /* UINavigationBarExtensions.swift */,
				072F7A891E11DDDD0021AB84 /* UINavigationControllerExtensions.swift */,
				072F7A8A1E11DDDD0021AB84 /* UINavigationItemExtensions.swift */,
				072F7A8B1E11DDDD0021AB84 /* UISearchBarExtensions.swift */,
				072F7A8C1E11DDDD0021AB84 /* UISegmentedControlExtensions.swift */,
				072F7A8D1E11DDDD0021AB84 /* UISliderExtensions.swift */,
				072F7A8E1E11DDDD0021AB84 /* UISwitchExtensions.swift */,
				072F7A8F1E11DDDD0021AB84 /* UITabBarExtensions.swift */,
				072F7A901E11DDDD0021AB84 /* UITableViewExtensions.swift */,
				072F7A911E11DDDD0021AB84 /* UITextFieldExtensions.swift */,
				072F7A921E11DDDD0021AB84 /* UITextViewExtensions.swift */,
				072F7A931E11DDDD0021AB84 /* UIViewControllerExtensions.swift */,
				072F7A941E11DDDD0021AB84 /* UIViewExtensions.swift */,
			);
			path = UI;
			sourceTree = "<group>";
		};
		07445BB51E11D1EF000E9A85 /* SwifterSwiftTests */ = {
			isa = PBXGroup;
			children = (
				07445BBE1E11D1EF000E9A85 /* Info.plist */,
				07445BB61E11D1EF000E9A85 /* ArrayExtensionsTests.swift */,
				07445BB71E11D1EF000E9A85 /* CGFloatExtensionsTests.swift */,
				07445BB81E11D1EF000E9A85 /* CGSizeExtensionsTests.swift */,
				07445BB91E11D1EF000E9A85 /* CharacterExtensionsTests.swift */,
				07445BBA1E11D1EF000E9A85 /* DateExtensionsTests.swift */,
				07445BBB1E11D1EF000E9A85 /* DictionaryExtensionsTests.swift */,
				07445BBC1E11D1EF000E9A85 /* DoubleExtensionsTests.swift */,
				07445BBD1E11D1EF000E9A85 /* FloatExtensionsTests.swift */,
				07445BBF1E11D1EF000E9A85 /* IntExtensionsTests.swift */,
				07445BC01E11D1EF000E9A85 /* StringExtensionsTests.swift */,
				07445BC11E11D1EF000E9A85 /* SwifterSwiftTests.swift */,
			);
			name = SwifterSwiftTests;
			path = Tests/SwifterSwiftTests;
			sourceTree = "<group>";
		};
		077805451E11D0FC000A21C6 = {
			isa = PBXGroup;
			children = (
				077805511E11D0FC000A21C6 /* SwifterSwift */,
				07445BB51E11D1EF000E9A85 /* SwifterSwiftTests */,
				077805501E11D0FC000A21C6 /* Products */,
			);
			sourceTree = "<group>";
		};
		077805501E11D0FC000A21C6 /* Products */ = {
			isa = PBXGroup;
			children = (
				0778054F1E11D0FC000A21C6 /* SwifterSwift.framework */,
				077805581E11D0FD000A21C6 /* SwifterSwift iOSTests.xctest */,
				6EBD19DE1E23E444002186D3 /* SwifterSwift.framework */,
				6EBD19E61E23E444002186D3 /* SwifterSwift tvOSTests.xctest */,
				6E49334E1E2508C000210167 /* SwifterSwift.framework */,
				6EF946901E263C4D0061AEFC /* SwifterSwift.framework */,
				6EF946981E263C4E0061AEFC /* SwifterSwift macOSTests.xctest */,
			);
			name = Products;
			sourceTree = "<group>";
		};
		077805511E11D0FC000A21C6 /* SwifterSwift */ = {
			isa = PBXGroup;
			children = (
				072F7A6E1E11DDDD0021AB84 /* Extensions */,
				072F7A951E11DDDD0021AB84 /* Info.plist */,
				072F7A961E11DDDD0021AB84 /* SwifterSwift.h */,
			);
			path = SwifterSwift;
			sourceTree = "<group>";
		};
/* End PBXGroup section */

/* Begin PBXHeadersBuildPhase section */
		0778054C1E11D0FC000A21C6 /* Headers */ = {
			isa = PBXHeadersBuildPhase;
			buildActionMask = 2147483647;
			files = (
				072F7ABD1E11DDDD0021AB84 /* SwifterSwift.h in Headers */,
			);
			runOnlyForDeploymentPostprocessing = 0;
		};
		6E49334B1E2508C000210167 /* Headers */ = {
			isa = PBXHeadersBuildPhase;
			buildActionMask = 2147483647;
			files = (
				6EF946D91E263DCA0061AEFC /* SwifterSwift.h in Headers */,
			);
			runOnlyForDeploymentPostprocessing = 0;
		};
		6EBD19DB1E23E444002186D3 /* Headers */ = {
			isa = PBXHeadersBuildPhase;
			buildActionMask = 2147483647;
			files = (
				6EBD1A011E23E4A9002186D3 /* SwifterSwift.h in Headers */,
			);
			runOnlyForDeploymentPostprocessing = 0;
		};
		6EF9468D1E263C4D0061AEFC /* Headers */ = {
			isa = PBXHeadersBuildPhase;
			buildActionMask = 2147483647;
			files = (
				6EF946D81E263DC80061AEFC /* SwifterSwift.h in Headers */,
			);
			runOnlyForDeploymentPostprocessing = 0;
		};
/* End PBXHeadersBuildPhase section */

/* Begin PBXNativeTarget section */
		0778054E1E11D0FC000A21C6 /* SwifterSwift iOS */ = {
			isa = PBXNativeTarget;
			buildConfigurationList = 077805631E11D0FD000A21C6 /* Build configuration list for PBXNativeTarget "SwifterSwift iOS" */;
			buildPhases = (
				0778054A1E11D0FC000A21C6 /* Sources */,
				0778054B1E11D0FC000A21C6 /* Frameworks */,
				0778054C1E11D0FC000A21C6 /* Headers */,
				0778054D1E11D0FC000A21C6 /* Resources */,
			);
			buildRules = (
			);
			dependencies = (
			);
			name = "SwifterSwift iOS";
			productName = SwifterSwift;
			productReference = 0778054F1E11D0FC000A21C6 /* SwifterSwift.framework */;
			productType = "com.apple.product-type.framework";
		};
		077805571E11D0FD000A21C6 /* SwifterSwift iOSTests */ = {
			isa = PBXNativeTarget;
			buildConfigurationList = 077805661E11D0FD000A21C6 /* Build configuration list for PBXNativeTarget "SwifterSwift iOSTests" */;
			buildPhases = (
				077805541E11D0FD000A21C6 /* Sources */,
				077805551E11D0FD000A21C6 /* Frameworks */,
				077805561E11D0FD000A21C6 /* Resources */,
			);
			buildRules = (
			);
			dependencies = (
				0778055B1E11D0FD000A21C6 /* PBXTargetDependency */,
			);
			name = "SwifterSwift iOSTests";
			productName = SwifterSwiftTests;
			productReference = 077805581E11D0FD000A21C6 /* SwifterSwift iOSTests.xctest */;
			productType = "com.apple.product-type.bundle.unit-test";
		};
		6E49334D1E2508C000210167 /* SwifterSwift watchOS */ = {
			isa = PBXNativeTarget;
			buildConfigurationList = 6E4933551E2508C100210167 /* Build configuration list for PBXNativeTarget "SwifterSwift watchOS" */;
			buildPhases = (
				6E4933491E2508C000210167 /* Sources */,
				6E49334A1E2508C000210167 /* Frameworks */,
				6E49334B1E2508C000210167 /* Headers */,
				6E49334C1E2508C000210167 /* Resources */,
			);
			buildRules = (
			);
			dependencies = (
			);
			name = "SwifterSwift watchOS";
			productName = "SwifterSwift watchOS";
			productReference = 6E49334E1E2508C000210167 /* SwifterSwift.framework */;
			productType = "com.apple.product-type.framework";
		};
		6EBD19DD1E23E444002186D3 /* SwifterSwift tvOS */ = {
			isa = PBXNativeTarget;
			buildConfigurationList = 6EBD19F31E23E444002186D3 /* Build configuration list for PBXNativeTarget "SwifterSwift tvOS" */;
			buildPhases = (
				6EBD19D91E23E444002186D3 /* Sources */,
				6EBD19DA1E23E444002186D3 /* Frameworks */,
				6EBD19DB1E23E444002186D3 /* Headers */,
				6EBD19DC1E23E444002186D3 /* Resources */,
			);
			buildRules = (
			);
			dependencies = (
			);
			name = "SwifterSwift tvOS";
			productName = "SwifterSwift tvOS";
			productReference = 6EBD19DE1E23E444002186D3 /* SwifterSwift.framework */;
			productType = "com.apple.product-type.framework";
		};
		6EBD19E51E23E444002186D3 /* SwifterSwift tvOSTests */ = {
			isa = PBXNativeTarget;
			buildConfigurationList = 6EBD19F41E23E444002186D3 /* Build configuration list for PBXNativeTarget "SwifterSwift tvOSTests" */;
			buildPhases = (
				6EBD19E21E23E444002186D3 /* Sources */,
				6EBD19E31E23E444002186D3 /* Frameworks */,
				6EBD19E41E23E444002186D3 /* Resources */,
			);
			buildRules = (
			);
			dependencies = (
				6EBD19E91E23E444002186D3 /* PBXTargetDependency */,
			);
			name = "SwifterSwift tvOSTests";
			productName = "SwifterSwift tvOSTests";
			productReference = 6EBD19E61E23E444002186D3 /* SwifterSwift tvOSTests.xctest */;
			productType = "com.apple.product-type.bundle.unit-test";
		};
		6EF9468F1E263C4D0061AEFC /* SwifterSwift macOS */ = {
			isa = PBXNativeTarget;
			buildConfigurationList = 6EF946A51E263C4E0061AEFC /* Build configuration list for PBXNativeTarget "SwifterSwift macOS" */;
			buildPhases = (
				6EF9468B1E263C4D0061AEFC /* Sources */,
				6EF9468C1E263C4D0061AEFC /* Frameworks */,
				6EF9468D1E263C4D0061AEFC /* Headers */,
				6EF9468E1E263C4D0061AEFC /* Resources */,
			);
			buildRules = (
			);
			dependencies = (
			);
			name = "SwifterSwift macOS";
			productName = "SwifterSwift macOS";
			productReference = 6EF946901E263C4D0061AEFC /* SwifterSwift.framework */;
			productType = "com.apple.product-type.framework";
		};
		6EF946971E263C4E0061AEFC /* SwifterSwift macOSTests */ = {
			isa = PBXNativeTarget;
			buildConfigurationList = 6EF946A61E263C4E0061AEFC /* Build configuration list for PBXNativeTarget "SwifterSwift macOSTests" */;
			buildPhases = (
				6EF946941E263C4E0061AEFC /* Sources */,
				6EF946951E263C4E0061AEFC /* Frameworks */,
				6EF946961E263C4E0061AEFC /* Resources */,
			);
			buildRules = (
			);
			dependencies = (
				6EF9469B1E263C4E0061AEFC /* PBXTargetDependency */,
			);
			name = "SwifterSwift macOSTests";
			productName = "SwifterSwift macOSTests";
			productReference = 6EF946981E263C4E0061AEFC /* SwifterSwift macOSTests.xctest */;
			productType = "com.apple.product-type.bundle.unit-test";
		};
/* End PBXNativeTarget section */

/* Begin PBXProject section */
		077805461E11D0FC000A21C6 /* Project object */ = {
			isa = PBXProject;
			attributes = {
				LastSwiftUpdateCheck = 0820;
				LastUpgradeCheck = 0820;
				ORGANIZATIONNAME = omaralbeik;
				TargetAttributes = {
					0778054E1E11D0FC000A21C6 = {
						CreatedOnToolsVersion = 8.2.1;
						ProvisioningStyle = Automatic;
					};
					077805571E11D0FD000A21C6 = {
						CreatedOnToolsVersion = 8.2.1;
						ProvisioningStyle = Automatic;
					};
					6E49334D1E2508C000210167 = {
						CreatedOnToolsVersion = 8.2.1;
						ProvisioningStyle = Automatic;
					};
					6EBD19DD1E23E444002186D3 = {
						CreatedOnToolsVersion = 8.2.1;
						ProvisioningStyle = Automatic;
					};
					6EBD19E51E23E444002186D3 = {
						CreatedOnToolsVersion = 8.2.1;
						ProvisioningStyle = Automatic;
					};
					6EF9468F1E263C4D0061AEFC = {
						CreatedOnToolsVersion = 8.2.1;
						ProvisioningStyle = Automatic;
					};
					6EF946971E263C4E0061AEFC = {
						CreatedOnToolsVersion = 8.2.1;
						ProvisioningStyle = Automatic;
					};
				};
			};
			buildConfigurationList = 077805491E11D0FC000A21C6 /* Build configuration list for PBXProject "SwifterSwift" */;
			compatibilityVersion = "Xcode 3.2";
			developmentRegion = English;
			hasScannedForEncodings = 0;
			knownRegions = (
				en,
			);
			mainGroup = 077805451E11D0FC000A21C6;
			productRefGroup = 077805501E11D0FC000A21C6 /* Products */;
			projectDirPath = "";
			projectRoot = "";
			targets = (
				0778054E1E11D0FC000A21C6 /* SwifterSwift iOS */,
				077805571E11D0FD000A21C6 /* SwifterSwift iOSTests */,
				6EBD19DD1E23E444002186D3 /* SwifterSwift tvOS */,
				6EBD19E51E23E444002186D3 /* SwifterSwift tvOSTests */,
				6E49334D1E2508C000210167 /* SwifterSwift watchOS */,
				6EF9468F1E263C4D0061AEFC /* SwifterSwift macOS */,
				6EF946971E263C4E0061AEFC /* SwifterSwift macOSTests */,
			);
		};
/* End PBXProject section */

/* Begin PBXResourcesBuildPhase section */
		0778054D1E11D0FC000A21C6 /* Resources */ = {
			isa = PBXResourcesBuildPhase;
			buildActionMask = 2147483647;
			files = (
			);
			runOnlyForDeploymentPostprocessing = 0;
		};
		077805561E11D0FD000A21C6 /* Resources */ = {
			isa = PBXResourcesBuildPhase;
			buildActionMask = 2147483647;
			files = (
			);
			runOnlyForDeploymentPostprocessing = 0;
		};
		6E49334C1E2508C000210167 /* Resources */ = {
			isa = PBXResourcesBuildPhase;
			buildActionMask = 2147483647;
			files = (
			);
			runOnlyForDeploymentPostprocessing = 0;
		};
		6EBD19DC1E23E444002186D3 /* Resources */ = {
			isa = PBXResourcesBuildPhase;
			buildActionMask = 2147483647;
			files = (
			);
			runOnlyForDeploymentPostprocessing = 0;
		};
		6EBD19E41E23E444002186D3 /* Resources */ = {
			isa = PBXResourcesBuildPhase;
			buildActionMask = 2147483647;
			files = (
			);
			runOnlyForDeploymentPostprocessing = 0;
		};
		6EF9468E1E263C4D0061AEFC /* Resources */ = {
			isa = PBXResourcesBuildPhase;
			buildActionMask = 2147483647;
			files = (
			);
			runOnlyForDeploymentPostprocessing = 0;
		};
		6EF946961E263C4E0061AEFC /* Resources */ = {
			isa = PBXResourcesBuildPhase;
			buildActionMask = 2147483647;
			files = (
			);
			runOnlyForDeploymentPostprocessing = 0;
		};
/* End PBXResourcesBuildPhase section */

/* Begin PBXSourcesBuildPhase section */
		0778054A1E11D0FC000A21C6 /* Sources */ = {
			isa = PBXSourcesBuildPhase;
			buildActionMask = 2147483647;
			files = (
				072F7AAA1E11DDDD0021AB84 /* UICollectionViewExtensions.swift in Sources */,
				072F7AB01E11DDDD0021AB84 /* UINavigationControllerExtensions.swift in Sources */,
				072F7AAC1E11DDDD0021AB84 /* UIImageExtensions.swift in Sources */,
				072F7A971E11DDDD0021AB84 /* ArrayExtensions.swift in Sources */,
				072F7ABB1E11DDDD0021AB84 /* UIViewExtensions.swift in Sources */,
				072F7ABA1E11DDDD0021AB84 /* UIViewControllerExtensions.swift in Sources */,
				072F7AA61E11DDDD0021AB84 /* NSAttributedStringExtensions.swift in Sources */,
				072F7A9D1E11DDDD0021AB84 /* DictionaryExtensions.swift in Sources */,
				072F7A9F1E11DDDD0021AB84 /* FloatExtensions.swift in Sources */,
				072F7A9A1E11DDDD0021AB84 /* CollectionExtensions.swift in Sources */,
				072F7AA71E11DDDD0021AB84 /* UIAlertControllerExtensions.swift in Sources */,
				072F7AAE1E11DDDD0021AB84 /* UILabelExtensions.swift in Sources */,
				072F7A981E11DDDD0021AB84 /* BoolExtensions.swift in Sources */,
				072F7AB21E11DDDD0021AB84 /* UISearchBarExtensions.swift in Sources */,
				072F7AA01E11DDDD0021AB84 /* IntExtensions.swift in Sources */,
				072F7AB61E11DDDD0021AB84 /* UITabBarExtensions.swift in Sources */,
				072F7AB91E11DDDD0021AB84 /* UITextViewExtensions.swift in Sources */,
				072F7AB31E11DDDD0021AB84 /* UISegmentedControlExtensions.swift in Sources */,
				072F7AB81E11DDDD0021AB84 /* UITextFieldExtensions.swift in Sources */,
				072F7AAF1E11DDDD0021AB84 /* UINavigationBarExtensions.swift in Sources */,
				072F7AA11E11DDDD0021AB84 /* StringExtensions.swift in Sources */,
				072F7AA31E11DDDD0021AB84 /* CGFloatExtensions.swift in Sources */,
				072F7AB11E11DDDD0021AB84 /* UINavigationItemExtensions.swift in Sources */,
				072F7A9E1E11DDDD0021AB84 /* DoubleExtensions.swift in Sources */,
				072F7A9B1E11DDDD0021AB84 /* DataExtensions.swift in Sources */,
				072F7AA51E11DDDD0021AB84 /* CGSizeExtensions.swift in Sources */,
				072F7AA41E11DDDD0021AB84 /* CGPointExtensions.swift in Sources */,
				072F7AB41E11DDDD0021AB84 /* UISliderExtensions.swift in Sources */,
				072F7AB71E11DDDD0021AB84 /* UITableViewExtensions.swift in Sources */,
				072F7AAB1E11DDDD0021AB84 /* UIColorExtensions.swift in Sources */,
				072F7AB51E11DDDD0021AB84 /* UISwitchExtensions.swift in Sources */,
				072F7AAD1E11DDDD0021AB84 /* UIImageViewExtensions.swift in Sources */,
				072F7AA91E11DDDD0021AB84 /* UIButtonExtensions.swift in Sources */,
				072F7A991E11DDDD0021AB84 /* CharacterExtensions.swift in Sources */,
				072F7AA21E11DDDD0021AB84 /* SwifterSwift.swift in Sources */,
				072F7AA81E11DDDD0021AB84 /* UIBarButtonItemExtensions.swift in Sources */,
				072F7A9C1E11DDDD0021AB84 /* DateExtensions.swift in Sources */,
			);
			runOnlyForDeploymentPostprocessing = 0;
		};
		077805541E11D0FD000A21C6 /* Sources */ = {
			isa = PBXSourcesBuildPhase;
			buildActionMask = 2147483647;
			files = (
				07445BC61E11D1EF000E9A85 /* DateExtensionsTests.swift in Sources */,
				07445BC31E11D1EF000E9A85 /* CGFloatExtensionsTests.swift in Sources */,
				07445BC81E11D1EF000E9A85 /* DoubleExtensionsTests.swift in Sources */,
				07445BCB1E11D1EF000E9A85 /* IntExtensionsTests.swift in Sources */,
				07445BCD1E11D1EF000E9A85 /* SwifterSwiftTests.swift in Sources */,
				07445BC51E11D1EF000E9A85 /* CharacterExtensionsTests.swift in Sources */,
				07445BC21E11D1EF000E9A85 /* ArrayExtensionsTests.swift in Sources */,
				07445BC41E11D1EF000E9A85 /* CGSizeExtensionsTests.swift in Sources */,
				07445BC91E11D1EF000E9A85 /* FloatExtensionsTests.swift in Sources */,
				07445BCC1E11D1EF000E9A85 /* StringExtensionsTests.swift in Sources */,
				07445BC71E11D1EF000E9A85 /* DictionaryExtensionsTests.swift in Sources */,
			);
			runOnlyForDeploymentPostprocessing = 0;
		};
		6E4933491E2508C000210167 /* Sources */ = {
			isa = PBXSourcesBuildPhase;
			buildActionMask = 2147483647;
			files = (
				6E49336B1E25094100210167 /* UIImageExtensions.swift in Sources */,
				6E4933561E25093B00210167 /* ArrayExtensions.swift in Sources */,
				6E4933651E25094100210167 /* NSAttributedStringExtensions.swift in Sources */,
				6E49335C1E25093B00210167 /* DictionaryExtensions.swift in Sources */,
				6E49335E1E25093B00210167 /* FloatExtensions.swift in Sources */,
				6E4933591E25093B00210167 /* CollectionExtensions.swift in Sources */,
				6E4933571E25093B00210167 /* BoolExtensions.swift in Sources */,
				6E49335F1E25093B00210167 /* IntExtensions.swift in Sources */,
				6E4933601E25093B00210167 /* StringExtensions.swift in Sources */,
				6E4933621E25094100210167 /* CGFloatExtensions.swift in Sources */,
				6E49335D1E25093B00210167 /* DoubleExtensions.swift in Sources */,
				6E49335A1E25093B00210167 /* DataExtensions.swift in Sources */,
				6E4933641E25094100210167 /* CGSizeExtensions.swift in Sources */,
				6E4933631E25094100210167 /* CGPointExtensions.swift in Sources */,
				6E4933731E25094100210167 /* UISliderExtensions.swift in Sources */,
				6E49336A1E25094100210167 /* UIColorExtensions.swift in Sources */,
				6E4933741E25094100210167 /* UISwitchExtensions.swift in Sources */,
				6E4933581E25093B00210167 /* CharacterExtensions.swift in Sources */,
				6E49335B1E25093B00210167 /* DateExtensions.swift in Sources */,
			);
			runOnlyForDeploymentPostprocessing = 0;
		};
		6EBD19D91E23E444002186D3 /* Sources */ = {
			isa = PBXSourcesBuildPhase;
			buildActionMask = 2147483647;
			files = (
				6EBD1A161E23EDC1002186D3 /* UICollectionViewExtensions.swift in Sources */,
				6EBD1A1C1E23EDCB002186D3 /* UINavigationControllerExtensions.swift in Sources */,
				6EBD1A181E23EDC6002186D3 /* UIImageExtensions.swift in Sources */,
				6EBD1A031E23E4B3002186D3 /* ArrayExtensions.swift in Sources */,
				6EBD1A271E23EDCB002186D3 /* UIViewExtensions.swift in Sources */,
				6EBD1A261E23EDCB002186D3 /* UIViewControllerExtensions.swift in Sources */,
				6EBD1A121E23EDB0002186D3 /* NSAttributedStringExtensions.swift in Sources */,
				6EBD1A091E23E4B3002186D3 /* DictionaryExtensions.swift in Sources */,
				6EBD1A0B1E23E4B3002186D3 /* FloatExtensions.swift in Sources */,
				6EBD1A061E23E4B3002186D3 /* CollectionExtensions.swift in Sources */,
				6EBD1A131E23EDB2002186D3 /* UIAlertControllerExtensions.swift in Sources */,
				6EBD1A1A1E23EDCB002186D3 /* UILabelExtensions.swift in Sources */,
				6EBD1A041E23E4B3002186D3 /* BoolExtensions.swift in Sources */,
				6EBD1A1E1E23EDCB002186D3 /* UISearchBarExtensions.swift in Sources */,
				6EBD1A0C1E23E4B3002186D3 /* IntExtensions.swift in Sources */,
				6EBD1A221E23EDCB002186D3 /* UITabBarExtensions.swift in Sources */,
				6EBD1A251E23EDCB002186D3 /* UITextViewExtensions.swift in Sources */,
				6EBD1A1F1E23EDCB002186D3 /* UISegmentedControlExtensions.swift in Sources */,
				6EBD1A241E23EDCB002186D3 /* UITextFieldExtensions.swift in Sources */,
				6EBD1A1B1E23EDCB002186D3 /* UINavigationBarExtensions.swift in Sources */,
				6EBD1A0D1E23E4B3002186D3 /* StringExtensions.swift in Sources */,
				6EBD1A0F1E23EDA8002186D3 /* CGFloatExtensions.swift in Sources */,
				6EBD1A1D1E23EDCB002186D3 /* UINavigationItemExtensions.swift in Sources */,
				6EBD1A0A1E23E4B3002186D3 /* DoubleExtensions.swift in Sources */,
				6EBD1A071E23E4B3002186D3 /* DataExtensions.swift in Sources */,
				6EBD1A111E23EDAE002186D3 /* CGSizeExtensions.swift in Sources */,
				6EBD1A101E23EDAB002186D3 /* CGPointExtensions.swift in Sources */,
				6EBD1A231E23EDCB002186D3 /* UITableViewExtensions.swift in Sources */,
				6EBD1A171E23EDC3002186D3 /* UIColorExtensions.swift in Sources */,
				6EBD1A191E23EDCB002186D3 /* UIImageViewExtensions.swift in Sources */,
				6EBD1A151E23EDB6002186D3 /* UIButtonExtensions.swift in Sources */,
				6EBD1A051E23E4B3002186D3 /* CharacterExtensions.swift in Sources */,
				6EBD1A0E1E23E4B3002186D3 /* SwifterSwift.swift in Sources */,
				6EBD1A141E23EDB4002186D3 /* UIBarButtonItemExtensions.swift in Sources */,
				6EBD1A081E23E4B3002186D3 /* DateExtensions.swift in Sources */,
			);
			runOnlyForDeploymentPostprocessing = 0;
		};
		6EBD19E21E23E444002186D3 /* Sources */ = {
			isa = PBXSourcesBuildPhase;
			buildActionMask = 2147483647;
			files = (
				6EBD19F91E23E4A5002186D3 /* DateExtensionsTests.swift in Sources */,
				6EBD19F61E23E49E002186D3 /* CGFloatExtensionsTests.swift in Sources */,
				6EBD19FB1E23E4A5002186D3 /* DoubleExtensionsTests.swift in Sources */,
				6EBD19FE1E23E4A5002186D3 /* IntExtensionsTests.swift in Sources */,
				6EBD1A001E23E4A5002186D3 /* SwifterSwiftTests.swift in Sources */,
				6EBD19F81E23E4A5002186D3 /* CharacterExtensionsTests.swift in Sources */,
				6EBD19F51E23E49B002186D3 /* ArrayExtensionsTests.swift in Sources */,
				6EBD19F71E23E4A1002186D3 /* CGSizeExtensionsTests.swift in Sources */,
				6EBD19FC1E23E4A5002186D3 /* FloatExtensionsTests.swift in Sources */,
				6EBD19FF1E23E4A5002186D3 /* StringExtensionsTests.swift in Sources */,
				6EBD19FA1E23E4A5002186D3 /* DictionaryExtensionsTests.swift in Sources */,
			);
			runOnlyForDeploymentPostprocessing = 0;
		};
		6EF9468B1E263C4D0061AEFC /* Sources */ = {
			isa = PBXSourcesBuildPhase;
			buildActionMask = 2147483647;
			files = (
				6EF946C61E263D9A0061AEFC /* UICollectionViewExtensions.swift in Sources */,
				6EF946CC1E263D9A0061AEFC /* UINavigationControllerExtensions.swift in Sources */,
				6EF946C81E263D9A0061AEFC /* UIImageExtensions.swift in Sources */,
				6EF946B31E263D910061AEFC /* ArrayExtensions.swift in Sources */,
				6EF946D71E263D9A0061AEFC /* UIViewExtensions.swift in Sources */,
				6EF946D61E263D9A0061AEFC /* UIViewControllerExtensions.swift in Sources */,
				6EF946C21E263D9A0061AEFC /* NSAttributedStringExtensions.swift in Sources */,
				6EF946B91E263D910061AEFC /* DictionaryExtensions.swift in Sources */,
				6EF946BB1E263D910061AEFC /* FloatExtensions.swift in Sources */,
				6EF946B61E263D910061AEFC /* CollectionExtensions.swift in Sources */,
				6EF946C31E263D9A0061AEFC /* UIAlertControllerExtensions.swift in Sources */,
				6EF946CA1E263D9A0061AEFC /* UILabelExtensions.swift in Sources */,
				6EF946B41E263D910061AEFC /* BoolExtensions.swift in Sources */,
				6EF946CE1E263D9A0061AEFC /* UISearchBarExtensions.swift in Sources */,
				6EF946BC1E263D910061AEFC /* IntExtensions.swift in Sources */,
				6EF946D21E263D9A0061AEFC /* UITabBarExtensions.swift in Sources */,
				6EF946D51E263D9A0061AEFC /* UITextViewExtensions.swift in Sources */,
				6EF946CF1E263D9A0061AEFC /* UISegmentedControlExtensions.swift in Sources */,
				6EF946D41E263D9A0061AEFC /* UITextFieldExtensions.swift in Sources */,
				6EF946CB1E263D9A0061AEFC /* UINavigationBarExtensions.swift in Sources */,
				6EF946BD1E263D910061AEFC /* StringExtensions.swift in Sources */,
				6EF946BF1E263D9A0061AEFC /* CGFloatExtensions.swift in Sources */,
				6EF946CD1E263D9A0061AEFC /* UINavigationItemExtensions.swift in Sources */,
				6EF946BA1E263D910061AEFC /* DoubleExtensions.swift in Sources */,
				6EF946B71E263D910061AEFC /* DataExtensions.swift in Sources */,
				6EF946C11E263D9A0061AEFC /* CGSizeExtensions.swift in Sources */,
				6EF946C01E263D9A0061AEFC /* CGPointExtensions.swift in Sources */,
				6EF946D01E263D9A0061AEFC /* UISliderExtensions.swift in Sources */,
				6EF946D31E263D9A0061AEFC /* UITableViewExtensions.swift in Sources */,
				6EF946C71E263D9A0061AEFC /* UIColorExtensions.swift in Sources */,
				6EF946D11E263D9A0061AEFC /* UISwitchExtensions.swift in Sources */,
				6EF946C91E263D9A0061AEFC /* UIImageViewExtensions.swift in Sources */,
				6EF946C51E263D9A0061AEFC /* UIButtonExtensions.swift in Sources */,
				6EF946B51E263D910061AEFC /* CharacterExtensions.swift in Sources */,
				6EF946BE1E263D910061AEFC /* SwifterSwift.swift in Sources */,
				6EF946C41E263D9A0061AEFC /* UIBarButtonItemExtensions.swift in Sources */,
				6EF946B81E263D910061AEFC /* DateExtensions.swift in Sources */,
			);
			runOnlyForDeploymentPostprocessing = 0;
		};
		6EF946941E263C4E0061AEFC /* Sources */ = {
			isa = PBXSourcesBuildPhase;
			buildActionMask = 2147483647;
			files = (
				6EF946AB1E263D860061AEFC /* DateExtensionsTests.swift in Sources */,
				6EF946A81E263D860061AEFC /* CGFloatExtensionsTests.swift in Sources */,
				6EF946AD1E263D860061AEFC /* DoubleExtensionsTests.swift in Sources */,
				6EF946B01E263D860061AEFC /* IntExtensionsTests.swift in Sources */,
				6EF946B21E263D860061AEFC /* SwifterSwiftTests.swift in Sources */,
				6EF946AA1E263D860061AEFC /* CharacterExtensionsTests.swift in Sources */,
				6EF946A71E263D860061AEFC /* ArrayExtensionsTests.swift in Sources */,
				6EF946A91E263D860061AEFC /* CGSizeExtensionsTests.swift in Sources */,
				6EF946AE1E263D860061AEFC /* FloatExtensionsTests.swift in Sources */,
				6EF946B11E263D860061AEFC /* StringExtensionsTests.swift in Sources */,
				6EF946AC1E263D860061AEFC /* DictionaryExtensionsTests.swift in Sources */,
			);
			runOnlyForDeploymentPostprocessing = 0;
		};
/* End PBXSourcesBuildPhase section */

/* Begin PBXTargetDependency section */
		0778055B1E11D0FD000A21C6 /* PBXTargetDependency */ = {
			isa = PBXTargetDependency;
			target = 0778054E1E11D0FC000A21C6 /* SwifterSwift iOS */;
			targetProxy = 0778055A1E11D0FD000A21C6 /* PBXContainerItemProxy */;
		};
		6EBD19E91E23E444002186D3 /* PBXTargetDependency */ = {
			isa = PBXTargetDependency;
			target = 6EBD19DD1E23E444002186D3 /* SwifterSwift tvOS */;
			targetProxy = 6EBD19E81E23E444002186D3 /* PBXContainerItemProxy */;
		};
		6EF9469B1E263C4E0061AEFC /* PBXTargetDependency */ = {
			isa = PBXTargetDependency;
			target = 6EF9468F1E263C4D0061AEFC /* SwifterSwift macOS */;
			targetProxy = 6EF9469A1E263C4E0061AEFC /* PBXContainerItemProxy */;
		};
/* End PBXTargetDependency section */

/* Begin XCBuildConfiguration section */
		077805611E11D0FD000A21C6 /* Debug */ = {
			isa = XCBuildConfiguration;
			buildSettings = {
				ALWAYS_SEARCH_USER_PATHS = NO;
				CLANG_ANALYZER_NONNULL = YES;
				CLANG_CXX_LANGUAGE_STANDARD = "gnu++0x";
				CLANG_CXX_LIBRARY = "libc++";
				CLANG_ENABLE_MODULES = YES;
				CLANG_ENABLE_OBJC_ARC = YES;
				CLANG_WARN_BOOL_CONVERSION = YES;
				CLANG_WARN_CONSTANT_CONVERSION = YES;
				CLANG_WARN_DIRECT_OBJC_ISA_USAGE = YES_ERROR;
				CLANG_WARN_DOCUMENTATION_COMMENTS = YES;
				CLANG_WARN_EMPTY_BODY = YES;
				CLANG_WARN_ENUM_CONVERSION = YES;
				CLANG_WARN_INFINITE_RECURSION = YES;
				CLANG_WARN_INT_CONVERSION = YES;
				CLANG_WARN_OBJC_ROOT_CLASS = YES_ERROR;
				CLANG_WARN_SUSPICIOUS_MOVE = YES;
				CLANG_WARN_UNREACHABLE_CODE = YES;
				CLANG_WARN__DUPLICATE_METHOD_MATCH = YES;
				"CODE_SIGN_IDENTITY[sdk=iphoneos*]" = "iPhone Developer";
				COPY_PHASE_STRIP = NO;
				CURRENT_PROJECT_VERSION = 1;
				DEBUG_INFORMATION_FORMAT = dwarf;
				ENABLE_STRICT_OBJC_MSGSEND = YES;
				ENABLE_TESTABILITY = YES;
				GCC_C_LANGUAGE_STANDARD = gnu99;
				GCC_DYNAMIC_NO_PIC = NO;
				GCC_NO_COMMON_BLOCKS = YES;
				GCC_OPTIMIZATION_LEVEL = 0;
				GCC_PREPROCESSOR_DEFINITIONS = (
					"DEBUG=1",
					"$(inherited)",
				);
				GCC_WARN_64_TO_32_BIT_CONVERSION = YES;
				GCC_WARN_ABOUT_RETURN_TYPE = YES_ERROR;
				GCC_WARN_UNDECLARED_SELECTOR = YES;
				GCC_WARN_UNINITIALIZED_AUTOS = YES_AGGRESSIVE;
				GCC_WARN_UNUSED_FUNCTION = YES;
				GCC_WARN_UNUSED_VARIABLE = YES;
				IPHONEOS_DEPLOYMENT_TARGET = 8.0;
				MTL_ENABLE_DEBUG_INFO = YES;
				ONLY_ACTIVE_ARCH = YES;
				SDKROOT = iphoneos;
				SWIFT_ACTIVE_COMPILATION_CONDITIONS = DEBUG;
				SWIFT_OPTIMIZATION_LEVEL = "-Onone";
				TARGETED_DEVICE_FAMILY = "1,2";
				VERSIONING_SYSTEM = "apple-generic";
				VERSION_INFO_PREFIX = "";
			};
			name = Debug;
		};
		077805621E11D0FD000A21C6 /* Release */ = {
			isa = XCBuildConfiguration;
			buildSettings = {
				ALWAYS_SEARCH_USER_PATHS = NO;
				CLANG_ANALYZER_NONNULL = YES;
				CLANG_CXX_LANGUAGE_STANDARD = "gnu++0x";
				CLANG_CXX_LIBRARY = "libc++";
				CLANG_ENABLE_MODULES = YES;
				CLANG_ENABLE_OBJC_ARC = YES;
				CLANG_WARN_BOOL_CONVERSION = YES;
				CLANG_WARN_CONSTANT_CONVERSION = YES;
				CLANG_WARN_DIRECT_OBJC_ISA_USAGE = YES_ERROR;
				CLANG_WARN_DOCUMENTATION_COMMENTS = YES;
				CLANG_WARN_EMPTY_BODY = YES;
				CLANG_WARN_ENUM_CONVERSION = YES;
				CLANG_WARN_INFINITE_RECURSION = YES;
				CLANG_WARN_INT_CONVERSION = YES;
				CLANG_WARN_OBJC_ROOT_CLASS = YES_ERROR;
				CLANG_WARN_SUSPICIOUS_MOVE = YES;
				CLANG_WARN_UNREACHABLE_CODE = YES;
				CLANG_WARN__DUPLICATE_METHOD_MATCH = YES;
				"CODE_SIGN_IDENTITY[sdk=iphoneos*]" = "iPhone Developer";
				COPY_PHASE_STRIP = NO;
				CURRENT_PROJECT_VERSION = 1;
				DEBUG_INFORMATION_FORMAT = "dwarf-with-dsym";
				ENABLE_NS_ASSERTIONS = NO;
				ENABLE_STRICT_OBJC_MSGSEND = YES;
				GCC_C_LANGUAGE_STANDARD = gnu99;
				GCC_NO_COMMON_BLOCKS = YES;
				GCC_WARN_64_TO_32_BIT_CONVERSION = YES;
				GCC_WARN_ABOUT_RETURN_TYPE = YES_ERROR;
				GCC_WARN_UNDECLARED_SELECTOR = YES;
				GCC_WARN_UNINITIALIZED_AUTOS = YES_AGGRESSIVE;
				GCC_WARN_UNUSED_FUNCTION = YES;
				GCC_WARN_UNUSED_VARIABLE = YES;
				IPHONEOS_DEPLOYMENT_TARGET = 8.0;
				MTL_ENABLE_DEBUG_INFO = NO;
				SDKROOT = iphoneos;
				SWIFT_OPTIMIZATION_LEVEL = "-Owholemodule";
				TARGETED_DEVICE_FAMILY = "1,2";
				VALIDATE_PRODUCT = YES;
				VERSIONING_SYSTEM = "apple-generic";
				VERSION_INFO_PREFIX = "";
			};
			name = Release;
		};
		077805641E11D0FD000A21C6 /* Debug */ = {
			isa = XCBuildConfiguration;
			buildSettings = {
				CODE_SIGN_IDENTITY = "";
				DEFINES_MODULE = YES;
				DYLIB_COMPATIBILITY_VERSION = 1;
				DYLIB_CURRENT_VERSION = 1;
				DYLIB_INSTALL_NAME_BASE = "@rpath";
				INFOPLIST_FILE = "$(SRCROOT)/Source/Info.plist";
				INSTALL_PATH = "$(LOCAL_LIBRARY_DIR)/Frameworks";
				LD_RUNPATH_SEARCH_PATHS = "$(inherited) @executable_path/Frameworks @loader_path/Frameworks";
				PRODUCT_BUNDLE_IDENTIFIER = com.swifterswift;
				PRODUCT_NAME = SwifterSwift;
				SKIP_INSTALL = YES;
				SWIFT_VERSION = 3.0;
			};
			name = Debug;
		};
		077805651E11D0FD000A21C6 /* Release */ = {
			isa = XCBuildConfiguration;
			buildSettings = {
				CODE_SIGN_IDENTITY = "";
				DEFINES_MODULE = YES;
				DYLIB_COMPATIBILITY_VERSION = 1;
				DYLIB_CURRENT_VERSION = 1;
				DYLIB_INSTALL_NAME_BASE = "@rpath";
				INFOPLIST_FILE = "$(SRCROOT)/Source/Info.plist";
				INSTALL_PATH = "$(LOCAL_LIBRARY_DIR)/Frameworks";
				LD_RUNPATH_SEARCH_PATHS = "$(inherited) @executable_path/Frameworks @loader_path/Frameworks";
				PRODUCT_BUNDLE_IDENTIFIER = com.swifterswift;
				PRODUCT_NAME = SwifterSwift;
				SKIP_INSTALL = YES;
				SWIFT_VERSION = 3.0;
			};
			name = Release;
		};
		077805671E11D0FD000A21C6 /* Debug */ = {
			isa = XCBuildConfiguration;
			buildSettings = {
				ALWAYS_EMBED_SWIFT_STANDARD_LIBRARIES = YES;
				"CODE_SIGN_IDENTITY[sdk=iphoneos*]" = "iPhone Developer";
				DEVELOPMENT_TEAM = "";
				INFOPLIST_FILE = Tests/SwifterSwiftTests/Info.plist;
				LD_RUNPATH_SEARCH_PATHS = "$(inherited) @executable_path/Frameworks @loader_path/Frameworks";
				PRODUCT_BUNDLE_IDENTIFIER = com.omaralbeik.SwifterSwiftTests;
				PRODUCT_NAME = "$(TARGET_NAME)";
				SWIFT_VERSION = 3.0;
			};
			name = Debug;
		};
		077805681E11D0FD000A21C6 /* Release */ = {
			isa = XCBuildConfiguration;
			buildSettings = {
				ALWAYS_EMBED_SWIFT_STANDARD_LIBRARIES = YES;
				"CODE_SIGN_IDENTITY[sdk=iphoneos*]" = "iPhone Developer";
				DEVELOPMENT_TEAM = "";
				INFOPLIST_FILE = Tests/SwifterSwiftTests/Info.plist;
				LD_RUNPATH_SEARCH_PATHS = "$(inherited) @executable_path/Frameworks @loader_path/Frameworks";
				PRODUCT_BUNDLE_IDENTIFIER = com.omaralbeik.SwifterSwiftTests;
				PRODUCT_NAME = "$(TARGET_NAME)";
				SWIFT_VERSION = 3.0;
			};
			name = Release;
		};
		6E4933531E2508C100210167 /* Debug */ = {
			isa = XCBuildConfiguration;
			buildSettings = {
				APPLICATION_EXTENSION_API_ONLY = YES;
				CODE_SIGN_IDENTITY = "";
				DEFINES_MODULE = YES;
				DYLIB_COMPATIBILITY_VERSION = 1;
				DYLIB_CURRENT_VERSION = 1;
				DYLIB_INSTALL_NAME_BASE = "@rpath";
				INFOPLIST_FILE = "$(SRCROOT)/Source/Info.plist";
				INSTALL_PATH = "$(LOCAL_LIBRARY_DIR)/Frameworks";
				LD_RUNPATH_SEARCH_PATHS = "$(inherited) @executable_path/Frameworks @loader_path/Frameworks";
				PRODUCT_BUNDLE_IDENTIFIER = com.swifterswift;
				PRODUCT_NAME = SwifterSwift;
				SDKROOT = watchos;
				SKIP_INSTALL = YES;
				SWIFT_VERSION = 3.0;
				TARGETED_DEVICE_FAMILY = 4;
				WATCHOS_DEPLOYMENT_TARGET = 3.0;
			};
			name = Debug;
		};
		6E4933541E2508C100210167 /* Release */ = {
			isa = XCBuildConfiguration;
			buildSettings = {
				APPLICATION_EXTENSION_API_ONLY = YES;
				CODE_SIGN_IDENTITY = "";
				DEFINES_MODULE = YES;
				DYLIB_COMPATIBILITY_VERSION = 1;
				DYLIB_CURRENT_VERSION = 1;
				DYLIB_INSTALL_NAME_BASE = "@rpath";
				INFOPLIST_FILE = "$(SRCROOT)/Source/Info.plist";
				INSTALL_PATH = "$(LOCAL_LIBRARY_DIR)/Frameworks";
				LD_RUNPATH_SEARCH_PATHS = "$(inherited) @executable_path/Frameworks @loader_path/Frameworks";
				PRODUCT_BUNDLE_IDENTIFIER = com.swifterswift;
				PRODUCT_NAME = SwifterSwift;
				SDKROOT = watchos;
				SKIP_INSTALL = YES;
				SWIFT_VERSION = 3.0;
				TARGETED_DEVICE_FAMILY = 4;
				WATCHOS_DEPLOYMENT_TARGET = 3.0;
			};
			name = Release;
		};
		6EBD19EF1E23E444002186D3 /* Debug */ = {
			isa = XCBuildConfiguration;
			buildSettings = {
				CODE_SIGN_IDENTITY = "";
				DEFINES_MODULE = YES;
				DYLIB_COMPATIBILITY_VERSION = 1;
				DYLIB_CURRENT_VERSION = 1;
				DYLIB_INSTALL_NAME_BASE = "@rpath";
				INFOPLIST_FILE = "$(SRCROOT)/Source/Info.plist";
				INSTALL_PATH = "$(LOCAL_LIBRARY_DIR)/Frameworks";
				LD_RUNPATH_SEARCH_PATHS = "$(inherited) @executable_path/Frameworks @loader_path/Frameworks";
				PRODUCT_BUNDLE_IDENTIFIER = com.swifterswift;
				PRODUCT_NAME = SwifterSwift;
				SDKROOT = appletvos;
				SKIP_INSTALL = YES;
				SWIFT_VERSION = 3.0;
				TARGETED_DEVICE_FAMILY = 3;
				TVOS_DEPLOYMENT_TARGET = 9.0;
			};
			name = Debug;
		};
		6EBD19F01E23E444002186D3 /* Release */ = {
			isa = XCBuildConfiguration;
			buildSettings = {
				CODE_SIGN_IDENTITY = "";
				DEFINES_MODULE = YES;
				DYLIB_COMPATIBILITY_VERSION = 1;
				DYLIB_CURRENT_VERSION = 1;
				DYLIB_INSTALL_NAME_BASE = "@rpath";
				INFOPLIST_FILE = "$(SRCROOT)/Source/Info.plist";
				INSTALL_PATH = "$(LOCAL_LIBRARY_DIR)/Frameworks";
				LD_RUNPATH_SEARCH_PATHS = "$(inherited) @executable_path/Frameworks @loader_path/Frameworks";
				PRODUCT_BUNDLE_IDENTIFIER = com.swifterswift;
				PRODUCT_NAME = SwifterSwift;
				SDKROOT = appletvos;
				SKIP_INSTALL = YES;
				SWIFT_VERSION = 3.0;
				TARGETED_DEVICE_FAMILY = 3;
				TVOS_DEPLOYMENT_TARGET = 9.0;
			};
			name = Release;
		};
		6EBD19F11E23E444002186D3 /* Debug */ = {
			isa = XCBuildConfiguration;
			buildSettings = {
				ALWAYS_EMBED_SWIFT_STANDARD_LIBRARIES = YES;
				INFOPLIST_FILE = Tests/SwifterSwiftTests/Info.plist;
				LD_RUNPATH_SEARCH_PATHS = "$(inherited) @executable_path/Frameworks @loader_path/Frameworks";
				PRODUCT_BUNDLE_IDENTIFIER = "com.omaralbeik.SwifterSwift-tvOSTests";
				PRODUCT_NAME = "$(TARGET_NAME)";
				SDKROOT = appletvos;
				SWIFT_VERSION = 3.0;
				TVOS_DEPLOYMENT_TARGET = 10.1;
			};
			name = Debug;
		};
		6EBD19F21E23E444002186D3 /* Release */ = {
			isa = XCBuildConfiguration;
			buildSettings = {
				ALWAYS_EMBED_SWIFT_STANDARD_LIBRARIES = YES;
				INFOPLIST_FILE = Tests/SwifterSwiftTests/Info.plist;
				LD_RUNPATH_SEARCH_PATHS = "$(inherited) @executable_path/Frameworks @loader_path/Frameworks";
				PRODUCT_BUNDLE_IDENTIFIER = "com.omaralbeik.SwifterSwift-tvOSTests";
				PRODUCT_NAME = "$(TARGET_NAME)";
				SDKROOT = appletvos;
				SWIFT_VERSION = 3.0;
				TVOS_DEPLOYMENT_TARGET = 10.1;
			};
			name = Release;
		};
		6EF946A11E263C4E0061AEFC /* Debug */ = {
			isa = XCBuildConfiguration;
			buildSettings = {
				CODE_SIGN_IDENTITY = "-";
				COMBINE_HIDPI_IMAGES = YES;
				DEFINES_MODULE = YES;
				DYLIB_COMPATIBILITY_VERSION = 1;
				DYLIB_CURRENT_VERSION = 1;
				DYLIB_INSTALL_NAME_BASE = "@rpath";
				FRAMEWORK_VERSION = A;
				INFOPLIST_FILE = "$(SRCROOT)/Source/Info.plist";
				INSTALL_PATH = "$(LOCAL_LIBRARY_DIR)/Frameworks";
				LD_RUNPATH_SEARCH_PATHS = "$(inherited) @executable_path/../Frameworks @loader_path/Frameworks";
				MACOSX_DEPLOYMENT_TARGET = 10.10;
				PRODUCT_BUNDLE_IDENTIFIER = com.swifterswift;
				PRODUCT_NAME = SwifterSwift;
				SDKROOT = macosx;
				SKIP_INSTALL = YES;
				SWIFT_VERSION = 3.0;
			};
			name = Debug;
		};
		6EF946A21E263C4E0061AEFC /* Release */ = {
			isa = XCBuildConfiguration;
			buildSettings = {
				CODE_SIGN_IDENTITY = "-";
				COMBINE_HIDPI_IMAGES = YES;
				DEFINES_MODULE = YES;
				DYLIB_COMPATIBILITY_VERSION = 1;
				DYLIB_CURRENT_VERSION = 1;
				DYLIB_INSTALL_NAME_BASE = "@rpath";
				FRAMEWORK_VERSION = A;
				INFOPLIST_FILE = "$(SRCROOT)/Source/Info.plist";
				INSTALL_PATH = "$(LOCAL_LIBRARY_DIR)/Frameworks";
				LD_RUNPATH_SEARCH_PATHS = "$(inherited) @executable_path/../Frameworks @loader_path/Frameworks";
				MACOSX_DEPLOYMENT_TARGET = 10.10;
				PRODUCT_BUNDLE_IDENTIFIER = com.swifterswift;
				PRODUCT_NAME = SwifterSwift;
				SDKROOT = macosx;
				SKIP_INSTALL = YES;
				SWIFT_VERSION = 3.0;
			};
			name = Release;
		};
		6EF946A31E263C4E0061AEFC /* Debug */ = {
			isa = XCBuildConfiguration;
			buildSettings = {
				ALWAYS_EMBED_SWIFT_STANDARD_LIBRARIES = YES;
				CODE_SIGN_IDENTITY = "-";
				COMBINE_HIDPI_IMAGES = YES;
				INFOPLIST_FILE = Tests/SwifterSwiftTests/Info.plist;
				LD_RUNPATH_SEARCH_PATHS = "$(inherited) @executable_path/../Frameworks @loader_path/../Frameworks";
				MACOSX_DEPLOYMENT_TARGET = 10.12;
				PRODUCT_BUNDLE_IDENTIFIER = "net.pabloweb.SwifterSwift-macOSTests";
				PRODUCT_NAME = "$(TARGET_NAME)";
				SDKROOT = macosx;
				SWIFT_VERSION = 3.0;
			};
			name = Debug;
		};
		6EF946A41E263C4E0061AEFC /* Release */ = {
			isa = XCBuildConfiguration;
			buildSettings = {
				ALWAYS_EMBED_SWIFT_STANDARD_LIBRARIES = YES;
				CODE_SIGN_IDENTITY = "-";
				COMBINE_HIDPI_IMAGES = YES;
				INFOPLIST_FILE = Tests/SwifterSwiftTests/Info.plist;
				LD_RUNPATH_SEARCH_PATHS = "$(inherited) @executable_path/../Frameworks @loader_path/../Frameworks";
				MACOSX_DEPLOYMENT_TARGET = 10.12;
				PRODUCT_BUNDLE_IDENTIFIER = "net.pabloweb.SwifterSwift-macOSTests";
				PRODUCT_NAME = "$(TARGET_NAME)";
				SDKROOT = macosx;
				SWIFT_VERSION = 3.0;
			};
			name = Release;
		};
/* End XCBuildConfiguration section */

/* Begin XCConfigurationList section */
		077805491E11D0FC000A21C6 /* Build configuration list for PBXProject "SwifterSwift" */ = {
			isa = XCConfigurationList;
			buildConfigurations = (
				077805611E11D0FD000A21C6 /* Debug */,
				077805621E11D0FD000A21C6 /* Release */,
			);
			defaultConfigurationIsVisible = 0;
			defaultConfigurationName = Release;
		};
		077805631E11D0FD000A21C6 /* Build configuration list for PBXNativeTarget "SwifterSwift iOS" */ = {
			isa = XCConfigurationList;
			buildConfigurations = (
				077805641E11D0FD000A21C6 /* Debug */,
				077805651E11D0FD000A21C6 /* Release */,
			);
			defaultConfigurationIsVisible = 0;
			defaultConfigurationName = Release;
		};
		077805661E11D0FD000A21C6 /* Build configuration list for PBXNativeTarget "SwifterSwift iOSTests" */ = {
			isa = XCConfigurationList;
			buildConfigurations = (
				077805671E11D0FD000A21C6 /* Debug */,
				077805681E11D0FD000A21C6 /* Release */,
			);
			defaultConfigurationIsVisible = 0;
			defaultConfigurationName = Release;
		};
		6E4933551E2508C100210167 /* Build configuration list for PBXNativeTarget "SwifterSwift watchOS" */ = {
			isa = XCConfigurationList;
			buildConfigurations = (
				6E4933531E2508C100210167 /* Debug */,
				6E4933541E2508C100210167 /* Release */,
			);
			defaultConfigurationIsVisible = 0;
			defaultConfigurationName = Release;
		};
		6EBD19F31E23E444002186D3 /* Build configuration list for PBXNativeTarget "SwifterSwift tvOS" */ = {
			isa = XCConfigurationList;
			buildConfigurations = (
				6EBD19EF1E23E444002186D3 /* Debug */,
				6EBD19F01E23E444002186D3 /* Release */,
			);
			defaultConfigurationIsVisible = 0;
			defaultConfigurationName = Release;
		};
		6EBD19F41E23E444002186D3 /* Build configuration list for PBXNativeTarget "SwifterSwift tvOSTests" */ = {
			isa = XCConfigurationList;
			buildConfigurations = (
				6EBD19F11E23E444002186D3 /* Debug */,
				6EBD19F21E23E444002186D3 /* Release */,
			);
			defaultConfigurationIsVisible = 0;
			defaultConfigurationName = Release;
		};
		6EF946A51E263C4E0061AEFC /* Build configuration list for PBXNativeTarget "SwifterSwift macOS" */ = {
			isa = XCConfigurationList;
			buildConfigurations = (
				6EF946A11E263C4E0061AEFC /* Debug */,
				6EF946A21E263C4E0061AEFC /* Release */,
			);
			defaultConfigurationIsVisible = 0;
			defaultConfigurationName = Release;
		};
		6EF946A61E263C4E0061AEFC /* Build configuration list for PBXNativeTarget "SwifterSwift macOSTests" */ = {
			isa = XCConfigurationList;
			buildConfigurations = (
				6EF946A31E263C4E0061AEFC /* Debug */,
				6EF946A41E263C4E0061AEFC /* Release */,
			);
			defaultConfigurationIsVisible = 0;
			defaultConfigurationName = Release;
		};
/* End XCConfigurationList section */
	};
	rootObject = 077805461E11D0FC000A21C6 /* Project object */;
}
