PODS:
  - SwifterSwift (1.1)

DEPENDENCIES:
  - SwifterSwift (from `https://github.com/omaralbeik/SwifterSwift`)

EXTERNAL SOURCES:
  SwifterSwift:
    :git: https://github.com/omaralbeik/SwifterSwift

CHECKOUT OPTIONS:
  SwifterSwift:
    :commit: 809ee16708179c3f9cd608cb50cdae0c9eb69083
    :git: https://github.com/omaralbeik/SwifterSwift

SPEC CHECKSUMS:
  SwifterSwift: 640164de070c0df5fe7b26cecb23c12e35504d2a

PODFILE CHECKSUM: b5e461fe0f90cdde237e0df0407c7e98497ba271

COCOAPODS: 1.1.0.rc.2
