// !$*UTF8*$!
{
	archiveVersion = 1;
	classes = {
	};
	objectVersion = 46;
	objects = {

/* Begin PBXBuildFile section */
		077445F01D89828A00C1076B /* AppDelegate.swift in Sources */ = {isa = PBXBuildFile; fileRef = 077445EF1D89828A00C1076B /* AppDelegate.swift */; };
		077445F21D89828A00C1076B /* ViewController.swift in Sources */ = {isa = PBXBuildFile; fileRef = 077445F11D89828A00C1076B /* ViewController.swift */; };
		077445F51D89828A00C1076B /* Main.storyboard in Resources */ = {isa = PBXBuildFile; fileRef = 077445F31D89828A00C1076B /* Main.storyboard */; };
		077445F71D89828A00C1076B /* Assets.xcassets in Resources */ = {isa = PBXBuildFile; fileRef = 077445F61D89828A00C1076B /* Assets.xcassets */; };
		077445FA1D89828A00C1076B /* LaunchScreen.storyboard in Resources */ = {isa = PBXBuildFile; fileRef = 077445F81D89828A00C1076B /* LaunchScreen.storyboard */; };
		DE1341D43336AC4423CE553B /* Pods_SwifterSwiftExample.framework in Frameworks */ = {isa = PBXBuildFile; fileRef = 17521C9F37D0DD7E8D64D3F6 /* Pods_SwifterSwiftExample.framework */; };
/* End PBXBuildFile section */

/* Begin PBXFileReference section */
		03F69C423F1E1176E4CF2773 /* Pods-SwifterSwiftExample.debug.xcconfig */ = {isa = PBXFileReference; includeInIndex = 1; lastKnownFileType = text.xcconfig; name = "Pods-SwifterSwiftExample.debug.xcconfig"; path = "Pods/Target Support Files/Pods-SwifterSwiftExample/Pods-SwifterSwiftExample.debug.xcconfig"; sourceTree = "<group>"; };
		077445EC1D89828A00C1076B /* SwifterSwiftExample.app */ = {isa = PBXFileReference; explicitFileType = wrapper.application; includeInIndex = 0; path = SwifterSwiftExample.app; sourceTree = BUILT_PRODUCTS_DIR; };
		077445EF1D89828A00C1076B /* AppDelegate.swift */ = {isa = PBXFileReference; lastKnownFileType = sourcecode.swift; path = AppDelegate.swift; sourceTree = "<group>"; };
		077445F11D89828A00C1076B /* ViewController.swift */ = {isa = PBXFileReference; lastKnownFileType = sourcecode.swift; path = ViewController.swift; sourceTree = "<group>"; };
		077445F41D89828A00C1076B /* Base */ = {isa = PBXFileReference; lastKnownFileType = file.storyboard; name = Base; path = Base.lproj/Main.storyboard; sourceTree = "<group>"; };
		077445F61D89828A00C1076B /* Assets.xcassets */ = {isa = PBXFileReference; lastKnownFileType = folder.assetcatalog; path = Assets.xcassets; sourceTree = "<group>"; };
		077445F91D89828A00C1076B /* Base */ = {isa = PBXFileReference; lastKnownFileType = file.storyboard; name = Base; path = Base.lproj/LaunchScreen.storyboard; sourceTree = "<group>"; };
		077445FB1D89828A00C1076B /* Info.plist */ = {isa = PBXFileReference; lastKnownFileType = text.plist.xml; path = Info.plist; sourceTree = "<group>"; };
		17521C9F37D0DD7E8D64D3F6 /* Pods_SwifterSwiftExample.framework */ = {isa = PBXFileReference; explicitFileType = wrapper.framework; includeInIndex = 0; path = Pods_SwifterSwiftExample.framework; sourceTree = BUILT_PRODUCTS_DIR; };
		83A99CA0E6C16F5A9440D0AC /* Pods-SwifterSwiftExample.release.xcconfig */ = {isa = PBXFileReference; includeInIndex = 1; lastKnownFileType = text.xcconfig; name = "Pods-SwifterSwiftExample.release.xcconfig"; path = "Pods/Target Support Files/Pods-SwifterSwiftExample/Pods-SwifterSwiftExample.release.xcconfig"; sourceTree = "<group>"; };
/* End PBXFileReference section */

/* Begin PBXFrameworksBuildPhase section */
		077445E91D89828A00C1076B /* Frameworks */ = {
			isa = PBXFrameworksBuildPhase;
			buildActionMask = 2147483647;
			files = (
				DE1341D43336AC4423CE553B /* Pods_SwifterSwiftExample.framework in Frameworks */,
			);
			runOnlyForDeploymentPostprocessing = 0;
		};
/* End PBXFrameworksBuildPhase section */

/* Begin PBXGroup section */
		077445E31D89828A00C1076B = {
			isa = PBXGroup;
			children = (
				077445EE1D89828A00C1076B /* SwifterSwiftExample */,
				077445ED1D89828A00C1076B /* Products */,
				D374A420DE6F83587F5AB1E6 /* Pods */,
				12407AD63E7786EC39D114AE /* Frameworks */,
			);
			sourceTree = "<group>";
		};
		077445ED1D89828A00C1076B /* Products */ = {
			isa = PBXGroup;
			children = (
				077445EC1D89828A00C1076B /* SwifterSwiftExample.app */,
			);
			name = Products;
			sourceTree = "<group>";
		};
		077445EE1D89828A00C1076B /* SwifterSwiftExample */ = {
			isa = PBXGroup;
			children = (
				077445EF1D89828A00C1076B /* AppDelegate.swift */,
				077445F11D89828A00C1076B /* ViewController.swift */,
				077445F31D89828A00C1076B /* Main.storyboard */,
				077445F61D89828A00C1076B /* Assets.xcassets */,
				077445F81D89828A00C1076B /* LaunchScreen.storyboard */,
				077445FB1D89828A00C1076B /* Info.plist */,
			);
			path = SwifterSwiftExample;
			sourceTree = "<group>";
		};
		12407AD63E7786EC39D114AE /* Frameworks */ = {
			isa = PBXGroup;
			children = (
				17521C9F37D0DD7E8D64D3F6 /* Pods_SwifterSwiftExample.framework */,
			);
			name = Frameworks;
			sourceTree = "<group>";
		};
		D374A420DE6F83587F5AB1E6 /* Pods */ = {
			isa = PBXGroup;
			children = (
				03F69C423F1E1176E4CF2773 /* Pods-SwifterSwiftExample.debug.xcconfig */,
				83A99CA0E6C16F5A9440D0AC /* Pods-SwifterSwiftExample.release.xcconfig */,
			);
			name = Pods;
			sourceTree = "<group>";
		};
/* End PBXGroup section */

/* Begin PBXNativeTarget section */
		077445EB1D89828A00C1076B /* SwifterSwiftExample */ = {
			isa = PBXNativeTarget;
			buildConfigurationList = 077445FE1D89828A00C1076B /* Build configuration list for PBXNativeTarget "SwifterSwiftExample" */;
			buildPhases = (
				8E6AE5121D7B7E41DE116B34 /* [CP] Check Pods Manifest.lock */,
				077445E81D89828A00C1076B /* Sources */,
				077445E91D89828A00C1076B /* Frameworks */,
				077445EA1D89828A00C1076B /* Resources */,
				B195A9153392ED94C76A5ACF /* [CP] Embed Pods Frameworks */,
				658838B38429EB8AE4168399 /* [CP] Copy Pods Resources */,
			);
			buildRules = (
			);
			dependencies = (
			);
			name = SwifterSwiftExample;
			productName = SwifterSwiftExample;
			productReference = 077445EC1D89828A00C1076B /* SwifterSwiftExample.app */;
			productType = "com.apple.product-type.application";
		};
/* End PBXNativeTarget section */

/* Begin PBXProject section */
		077445E41D89828A00C1076B /* Project object */ = {
			isa = PBXProject;
			attributes = {
				LastSwiftUpdateCheck = 0800;
				LastUpgradeCheck = 0800;
				ORGANIZATIONNAME = "Omar Albeik";
				TargetAttributes = {
					077445EB1D89828A00C1076B = {
						CreatedOnToolsVersion = 8.0;
						DevelopmentTeam = C3VKVFB3SA;
						ProvisioningStyle = Automatic;
					};
				};
			};
			buildConfigurationList = 077445E71D89828A00C1076B /* Build configuration list for PBXProject "SwifterSwiftExample" */;
			compatibilityVersion = "Xcode 3.2";
			developmentRegion = English;
			hasScannedForEncodings = 0;
			knownRegions = (
				en,
				Base,
			);
			mainGroup = 077445E31D89828A00C1076B;
			productRefGroup = 077445ED1D89828A00C1076B /* Products */;
			projectDirPath = "";
			projectRoot = "";
			targets = (
				077445EB1D89828A00C1076B /* SwifterSwiftExample */,
			);
		};
/* End PBXProject section */

/* Begin PBXResourcesBuildPhase section */
		077445EA1D89828A00C1076B /* Resources */ = {
			isa = PBXResourcesBuildPhase;
			buildActionMask = 2147483647;
			files = (
				077445FA1D89828A00C1076B /* LaunchScreen.storyboard in Resources */,
				077445F71D89828A00C1076B /* Assets.xcassets in Resources */,
				077445F51D89828A00C1076B /* Main.storyboard in Resources */,
			);
			runOnlyForDeploymentPostprocessing = 0;
		};
/* End PBXResourcesBuildPhase section */

/* Begin PBXShellScriptBuildPhase section */
		658838B38429EB8AE4168399 /* [CP] Copy Pods Resources */ = {
			isa = PBXShellScriptBuildPhase;
			buildActionMask = 2147483647;
			files = (
			);
			inputPaths = (
			);
			name = "[CP] Copy Pods Resources";
			outputPaths = (
			);
			runOnlyForDeploymentPostprocessing = 0;
			shellPath = /bin/sh;
			shellScript = "\"${SRCROOT}/Pods/Target Support Files/Pods-SwifterSwiftExample/Pods-SwifterSwiftExample-resources.sh\"\n";
			showEnvVarsInLog = 0;
		};
		8E6AE5121D7B7E41DE116B34 /* [CP] Check Pods Manifest.lock */ = {
			isa = PBXShellScriptBuildPhase;
			buildActionMask = 2147483647;
			files = (
			);
			inputPaths = (
			);
			name = "[CP] Check Pods Manifest.lock";
			outputPaths = (
			);
			runOnlyForDeploymentPostprocessing = 0;
			shellPath = /bin/sh;
			shellScript = "diff \"${PODS_ROOT}/../Podfile.lock\" \"${PODS_ROOT}/Manifest.lock\" > /dev/null\nif [ $? != 0 ] ; then\n    # print error to STDERR\n    echo \"error: The sandbox is not in sync with the Podfile.lock. Run 'pod install' or update your CocoaPods installation.\" >&2\n    exit 1\nfi\n";
			showEnvVarsInLog = 0;
		};
		B195A9153392ED94C76A5ACF /* [CP] Embed Pods Frameworks */ = {
			isa = PBXShellScriptBuildPhase;
			buildActionMask = 2147483647;
			files = (
			);
			inputPaths = (
			);
			name = "[CP] Embed Pods Frameworks";
			outputPaths = (
			);
			runOnlyForDeploymentPostprocessing = 0;
			shellPath = /bin/sh;
			shellScript = "\"${SRCROOT}/Pods/Target Support Files/Pods-SwifterSwiftExample/Pods-SwifterSwiftExample-frameworks.sh\"\n";
			showEnvVarsInLog = 0;
		};
/* End PBXShellScriptBuildPhase section */

/* Begin PBXSourcesBuildPhase section */
		077445E81D89828A00C1076B /* Sources */ = {
			isa = PBXSourcesBuildPhase;
			buildActionMask = 2147483647;
			files = (
				077445F21D89828A00C1076B /* ViewController.swift in Sources */,
				077445F01D89828A00C1076B /* AppDelegate.swift in Sources */,
			);
			runOnlyForDeploymentPostprocessing = 0;
		};
/* End PBXSourcesBuildPhase section */

/* Begin PBXVariantGroup section */
		077445F31D89828A00C1076B /* Main.storyboard */ = {
			isa = PBXVariantGroup;
			children = (
				077445F41D89828A00C1076B /* Base */,
			);
			name = Main.storyboard;
			sourceTree = "<group>";
		};
		077445F81D89828A00C1076B /* LaunchScreen.storyboard */ = {
			isa = PBXVariantGroup;
			children = (
				077445F91D89828A00C1076B /* Base */,
			);
			name = LaunchScreen.storyboard;
			sourceTree = "<group>";
		};
/* End PBXVariantGroup section */

/* Begin XCBuildConfiguration section */
		077445FC1D89828A00C1076B /* Debug */ = {
			isa = XCBuildConfiguration;
			buildSettings = {
				ALWAYS_SEARCH_USER_PATHS = NO;
				CLANG_ANALYZER_NONNULL = YES;
				CLANG_CXX_LANGUAGE_STANDARD = "gnu++0x";
				CLANG_CXX_LIBRARY = "libc++";
				CLANG_ENABLE_MODULES = YES;
				CLANG_ENABLE_OBJC_ARC = YES;
				CLANG_WARN_BOOL_CONVERSION = YES;
				CLANG_WARN_CONSTANT_CONVERSION = YES;
				CLANG_WARN_DIRECT_OBJC_ISA_USAGE = YES_ERROR;
				CLANG_WARN_DOCUMENTATION_COMMENTS = YES;
				CLANG_WARN_EMPTY_BODY = YES;
				CLANG_WARN_ENUM_CONVERSION = YES;
				CLANG_WARN_INFINITE_RECURSION = YES;
				CLANG_WARN_INT_CONVERSION = YES;
				CLANG_WARN_OBJC_ROOT_CLASS = YES_ERROR;
				CLANG_WARN_SUSPICIOUS_MOVE = YES;
				CLANG_WARN_SUSPICIOUS_MOVES = YES;
				CLANG_WARN_UNREACHABLE_CODE = YES;
				CLANG_WARN__DUPLICATE_METHOD_MATCH = YES;
				"CODE_SIGN_IDENTITY[sdk=iphoneos*]" = "iPhone Developer";
				COPY_PHASE_STRIP = NO;
				DEBUG_INFORMATION_FORMAT = dwarf;
				ENABLE_STRICT_OBJC_MSGSEND = YES;
				ENABLE_TESTABILITY = YES;
				GCC_C_LANGUAGE_STANDARD = gnu99;
				GCC_DYNAMIC_NO_PIC = NO;
				GCC_NO_COMMON_BLOCKS = YES;
				GCC_OPTIMIZATION_LEVEL = 0;
				GCC_PREPROCESSOR_DEFINITIONS = (
					"DEBUG=1",
					"$(inherited)",
				);
				GCC_WARN_64_TO_32_BIT_CONVERSION = YES;
				GCC_WARN_ABOUT_RETURN_TYPE = YES_ERROR;
				GCC_WARN_UNDECLARED_SELECTOR = YES;
				GCC_WARN_UNINITIALIZED_AUTOS = YES_AGGRESSIVE;
				GCC_WARN_UNUSED_FUNCTION = YES;
				GCC_WARN_UNUSED_VARIABLE = YES;
				IPHONEOS_DEPLOYMENT_TARGET = 10.0;
				MTL_ENABLE_DEBUG_INFO = YES;
				ONLY_ACTIVE_ARCH = YES;
				SDKROOT = iphoneos;
				SWIFT_ACTIVE_COMPILATION_CONDITIONS = DEBUG;
				SWIFT_OPTIMIZATION_LEVEL = "-Onone";
			};
			name = Debug;
		};
		077445FD1D89828A00C1076B /* Release */ = {
			isa = XCBuildConfiguration;
			buildSettings = {
				ALWAYS_SEARCH_USER_PATHS = NO;
				CLANG_ANALYZER_NONNULL = YES;
				CLANG_CXX_LANGUAGE_STANDARD = "gnu++0x";
				CLANG_CXX_LIBRARY = "libc++";
				CLANG_ENABLE_MODULES = YES;
				CLANG_ENABLE_OBJC_ARC = YES;
				CLANG_WARN_BOOL_CONVERSION = YES;
				CLANG_WARN_CONSTANT_CONVERSION = YES;
				CLANG_WARN_DIRECT_OBJC_ISA_USAGE = YES_ERROR;
				CLANG_WARN_DOCUMENTATION_COMMENTS = YES;
				CLANG_WARN_EMPTY_BODY = YES;
				CLANG_WARN_ENUM_CONVERSION = YES;
				CLANG_WARN_INFINITE_RECURSION = YES;
				CLANG_WARN_INT_CONVERSION = YES;
				CLANG_WARN_OBJC_ROOT_CLASS = YES_ERROR;
				CLANG_WARN_SUSPICIOUS_MOVE = YES;
				CLANG_WARN_SUSPICIOUS_MOVES = YES;
				CLANG_WARN_UNREACHABLE_CODE = YES;
				CLANG_WARN__DUPLICATE_METHOD_MATCH = YES;
				"CODE_SIGN_IDENTITY[sdk=iphoneos*]" = "iPhone Developer";
				COPY_PHASE_STRIP = NO;
				DEBUG_INFORMATION_FORMAT = "dwarf-with-dsym";
				ENABLE_NS_ASSERTIONS = NO;
				ENABLE_STRICT_OBJC_MSGSEND = YES;
				GCC_C_LANGUAGE_STANDARD = gnu99;
				GCC_NO_COMMON_BLOCKS = YES;
				GCC_WARN_64_TO_32_BIT_CONVERSION = YES;
				GCC_WARN_ABOUT_RETURN_TYPE = YES_ERROR;
				GCC_WARN_UNDECLARED_SELECTOR = YES;
				GCC_WARN_UNINITIALIZED_AUTOS = YES_AGGRESSIVE;
				GCC_WARN_UNUSED_FUNCTION = YES;
				GCC_WARN_UNUSED_VARIABLE = YES;
				IPHONEOS_DEPLOYMENT_TARGET = 10.0;
				MTL_ENABLE_DEBUG_INFO = NO;
				SDKROOT = iphoneos;
				SWIFT_OPTIMIZATION_LEVEL = "-Owholemodule";
				VALIDATE_PRODUCT = YES;
			};
			name = Release;
		};
		077445FF1D89828A00C1076B /* Debug */ = {
			isa = XCBuildConfiguration;
			baseConfigurationReference = 03F69C423F1E1176E4CF2773 /* Pods-SwifterSwiftExample.debug.xcconfig */;
			buildSettings = {
				ALWAYS_EMBED_SWIFT_STANDARD_LIBRARIES = YES;
				ASSETCATALOG_COMPILER_APPICON_NAME = AppIcon;
				DEVELOPMENT_TEAM = C3VKVFB3SA;
				INFOPLIST_FILE = SwifterSwiftExample/Info.plist;
				LD_RUNPATH_SEARCH_PATHS = "$(inherited) @executable_path/Frameworks";
				PRODUCT_BUNDLE_IDENTIFIER = com.omaralbeik.SwifterSwiftExample;
				PRODUCT_NAME = "$(TARGET_NAME)";
				SWIFT_VERSION = 3.0;
			};
			name = Debug;
		};
		077446001D89828A00C1076B /* Release */ = {
			isa = XCBuildConfiguration;
			baseConfigurationReference = 83A99CA0E6C16F5A9440D0AC /* Pods-SwifterSwiftExample.release.xcconfig */;
			buildSettings = {
				ALWAYS_EMBED_SWIFT_STANDARD_LIBRARIES = YES;
				ASSETCATALOG_COMPILER_APPICON_NAME = AppIcon;
				DEVELOPMENT_TEAM = C3VKVFB3SA;
				INFOPLIST_FILE = SwifterSwiftExample/Info.plist;
				LD_RUNPATH_SEARCH_PATHS = "$(inherited) @executable_path/Frameworks";
				PRODUCT_BUNDLE_IDENTIFIER = com.omaralbeik.SwifterSwiftExample;
				PRODUCT_NAME = "$(TARGET_NAME)";
				SWIFT_VERSION = 3.0;
			};
			name = Release;
		};
/* End XCBuildConfiguration section */

/* Begin XCConfigurationList section */
		077445E71D89828A00C1076B /* Build configuration list for PBXProject "SwifterSwiftExample" */ = {
			isa = XCConfigurationList;
			buildConfigurations = (
				077445FC1D89828A00C1076B /* Debug */,
				077445FD1D89828A00C1076B /* Release */,
			);
			defaultConfigurationIsVisible = 0;
			defaultConfigurationName = Release;
		};
		077445FE1D89828A00C1076B /* Build configuration list for PBXNativeTarget "SwifterSwiftExample" */ = {
			isa = XCConfigurationList;
			buildConfigurations = (
				077445FF1D89828A00C1076B /* Debug */,
				077446001D89828A00C1076B /* Release */,
			);
			defaultConfigurationIsVisible = 0;
			defaultConfigurationName = Release;
		};
/* End XCConfigurationList section */
	};
	rootObject = 077445E41D89828A00C1076B /* Project object */;
}
